// !$*UTF8*$!
{
	archiveVersion = 1;
	classes = {
	};
	objectVersion = 45;
	objects = {

/* Begin PBXBuildFile section */
		8D5B49B0048680CD000E48DA /* InfoPlist.strings in Resources */ = {isa = PBXBuildFile; fileRef = 089C167DFE841241C02AAC07 /* InfoPlist.strings */; };
		8D5B49B4048680CD000E48DA /* Cocoa.framework in Frameworks */ = {isa = PBXBuildFile; fileRef = 1058C7ADFEA557BF11CA2CBB /* Cocoa.framework */; };
		BF32E57B15B94DCD005120AB /* XLDFdkAacOutput.m in Sources */ = {isa = PBXBuildFile; fileRef = BF32E57A15B94DCD005120AB /* XLDFdkAacOutput.m */; };
		BF32E57E15B94DD8005120AB /* XLDFdkAacOutputTask.m in Sources */ = {isa = PBXBuildFile; fileRef = BF32E57D15B94DD8005120AB /* XLDFdkAacOutputTask.m */; };
		BF32E5FA15B96111005120AB /* XLDFdkAacOutput.xib in Resources */ = {isa = PBXBuildFile; fileRef = BF32E5F915B96111005120AB /* XLDFdkAacOutput.xib */; };
		BF32E6F515B99FEC005120AB /* isom.c in Sources */ = {isa = PBXBuildFile; fileRef = BF32E6E215B99FEC005120AB /* isom.c */; };
		BF32E6F615B99FEC005120AB /* meta.c in Sources */ = {isa = PBXBuildFile; fileRef = BF32E6E515B99FEC005120AB /* meta.c */; };
		BF32E6F715B99FEC005120AB /* mp4a.c in Sources */ = {isa = PBXBuildFile; fileRef = BF32E6E615B99FEC005120AB /* mp4a.c */; };
		BF32E6F815B99FEC005120AB /* mp4sys.c in Sources */ = {isa = PBXBuildFile; fileRef = BF32E6E815B99FEC005120AB /* mp4sys.c */; };
		BF32E6FB15B99FEC005120AB /* summary.c in Sources */ = {isa = PBXBuildFile; fileRef = BF32E6EE15B99FEC005120AB /* summary.c */; };
		BF32E6FD15B99FEC005120AB /* utils.c in Sources */ = {isa = PBXBuildFile; fileRef = BF32E6F115B99FEC005120AB /* utils.c */; };
		BF32E72C15B9A0B5005120AB /* write.c in Sources */ = {isa = PBXBuildFile; fileRef = BF32E6F315B99FEC005120AB /* write.c */; };
		BF3CE1C91674A6BE0063707B /* alac.c in Sources */ = {isa = PBXBuildFile; fileRef = BFB760A615E7760900B77BE6 /* alac.c */; };
		BF567EBA16A5636E0024A3C8 /* box.c in Sources */ = {isa = PBXBuildFile; fileRef = BF567EB916A5636E0024A3C8 /* box.c */; };
		BFD3788E15E008E4009FA0BD /* description.c in Sources */ = {isa = PBXBuildFile; fileRef = BFD3788D15E008E4009FA0BD /* description.c */; };
		BFD3789515E009F8009FA0BD /* dts.c in Sources */ = {isa = PBXBuildFile; fileRef = BFD3789115E009F8009FA0BD /* dts.c */; };
		BFD3789615E009F8009FA0BD /* h264.c in Sources */ = {isa = PBXBuildFile; fileRef = BFD3789315E009F8009FA0BD /* h264.c */; };
		BFD3789B15E00A07009FA0BD /* a52.c in Sources */ = {isa = PBXBuildFile; fileRef = BFD3789915E00A07009FA0BD /* a52.c */; };
		BFD378A015E00A11009FA0BD /* vc1.c in Sources */ = {isa = PBXBuildFile; fileRef = BFD3789E15E00A11009FA0BD /* vc1.c */; };
		BFF31337164F79EB002E567F /* aacenc.cpp in Sources */ = {isa = PBXBuildFile; fileRef = BFF311DE164F79EA002E567F /* aacenc.cpp */; };
		BFF31338164F79EB002E567F /* aacenc_hcr.cpp in Sources */ = {isa = PBXBuildFile; fileRef = BFF311E0164F79EA002E567F /* aacenc_hcr.cpp */; };
		BFF31339164F79EB002E567F /* aacenc_lib.cpp in Sources */ = {isa = PBXBuildFile; fileRef = BFF311E2164F79EA002E567F /* aacenc_lib.cpp */; };
		BFF3133A164F79EB002E567F /* aacenc_pns.cpp in Sources */ = {isa = PBXBuildFile; fileRef = BFF311E3164F79EA002E567F /* aacenc_pns.cpp */; };
		BFF3133B164F79EB002E567F /* aacEnc_ram.cpp in Sources */ = {isa = PBXBuildFile; fileRef = BFF311E5164F79EA002E567F /* aacEnc_ram.cpp */; };
		BFF3133C164F79EB002E567F /* aacEnc_rom.cpp in Sources */ = {isa = PBXBuildFile; fileRef = BFF311E7164F79EA002E567F /* aacEnc_rom.cpp */; };
		BFF3133D164F79EB002E567F /* aacenc_tns.cpp in Sources */ = {isa = PBXBuildFile; fileRef = BFF311E9164F79EA002E567F /* aacenc_tns.cpp */; };
		BFF3133E164F79EB002E567F /* adj_thr.cpp in Sources */ = {isa = PBXBuildFile; fileRef = BFF311EB164F79EA002E567F /* adj_thr.cpp */; };
		BFF3133F164F79EB002E567F /* band_nrg.cpp in Sources */ = {isa = PBXBuildFile; fileRef = BFF311EE164F79EA002E567F /* band_nrg.cpp */; };
		BFF31340164F79EB002E567F /* bandwidth.cpp in Sources */ = {isa = PBXBuildFile; fileRef = BFF311F0164F79EA002E567F /* bandwidth.cpp */; };
		BFF31341164F79EB002E567F /* bit_cnt.cpp in Sources */ = {isa = PBXBuildFile; fileRef = BFF311F2164F79EA002E567F /* bit_cnt.cpp */; };
		BFF31342164F79EB002E567F /* bitenc.cpp in Sources */ = {isa = PBXBuildFile; fileRef = BFF311F4164F79EA002E567F /* bitenc.cpp */; };
		BFF31343164F79EB002E567F /* block_switch.cpp in Sources */ = {isa = PBXBuildFile; fileRef = BFF311F6164F79EA002E567F /* block_switch.cpp */; };
		BFF31344164F79EB002E567F /* channel_map.cpp in Sources */ = {isa = PBXBuildFile; fileRef = BFF311F8164F79EA002E567F /* channel_map.cpp */; };
		BFF31345164F79EB002E567F /* chaosmeasure.cpp in Sources */ = {isa = PBXBuildFile; fileRef = BFF311FA164F79EA002E567F /* chaosmeasure.cpp */; };
		BFF31346164F79EB002E567F /* dyn_bits.cpp in Sources */ = {isa = PBXBuildFile; fileRef = BFF311FC164F79EA002E567F /* dyn_bits.cpp */; };
		BFF31347164F79EB002E567F /* grp_data.cpp in Sources */ = {isa = PBXBuildFile; fileRef = BFF311FE164F79EA002E567F /* grp_data.cpp */; };
		BFF31348164F79EB002E567F /* intensity.cpp in Sources */ = {isa = PBXBuildFile; fileRef = BFF31200164F79EA002E567F /* intensity.cpp */; };
		BFF31349164F79EB002E567F /* line_pe.cpp in Sources */ = {isa = PBXBuildFile; fileRef = BFF31203164F79EA002E567F /* line_pe.cpp */; };
		BFF3134A164F79EB002E567F /* metadata_compressor.cpp in Sources */ = {isa = PBXBuildFile; fileRef = BFF31205164F79EA002E567F /* metadata_compressor.cpp */; };
		BFF3134B164F79EB002E567F /* metadata_main.cpp in Sources */ = {isa = PBXBuildFile; fileRef = BFF31207164F79EA002E567F /* metadata_main.cpp */; };
		BFF3134C164F79EB002E567F /* ms_stereo.cpp in Sources */ = {isa = PBXBuildFile; fileRef = BFF31209164F79EA002E567F /* ms_stereo.cpp */; };
		BFF3134D164F79EB002E567F /* noisedet.cpp in Sources */ = {isa = PBXBuildFile; fileRef = BFF3120B164F79EA002E567F /* noisedet.cpp */; };
		BFF3134E164F79EB002E567F /* pnsparam.cpp in Sources */ = {isa = PBXBuildFile; fileRef = BFF3120E164F79EA002E567F /* pnsparam.cpp */; };
		BFF3134F164F79EB002E567F /* pre_echo_control.cpp in Sources */ = {isa = PBXBuildFile; fileRef = BFF31210164F79EA002E567F /* pre_echo_control.cpp */; };
		BFF31350164F79EB002E567F /* psy_configuration.cpp in Sources */ = {isa = PBXBuildFile; fileRef = BFF31212164F79EA002E567F /* psy_configuration.cpp */; };
		BFF31351164F79EB002E567F /* psy_main.cpp in Sources */ = {isa = PBXBuildFile; fileRef = BFF31216164F79EA002E567F /* psy_main.cpp */; };
		BFF31352164F79EB002E567F /* qc_main.cpp in Sources */ = {isa = PBXBuildFile; fileRef = BFF31219164F79EA002E567F /* qc_main.cpp */; };
		BFF31353164F79EB002E567F /* quantize.cpp in Sources */ = {isa = PBXBuildFile; fileRef = BFF3121B164F79EA002E567F /* quantize.cpp */; };
		BFF31354164F79EB002E567F /* sf_estim.cpp in Sources */ = {isa = PBXBuildFile; fileRef = BFF3121D164F79EA002E567F /* sf_estim.cpp */; };
		BFF31355164F79EB002E567F /* spreading.cpp in Sources */ = {isa = PBXBuildFile; fileRef = BFF3121F164F79EA002E567F /* spreading.cpp */; };
		BFF31356164F79EB002E567F /* tonality.cpp in Sources */ = {isa = PBXBuildFile; fileRef = BFF31222164F79EA002E567F /* tonality.cpp */; };
		BFF31357164F79EB002E567F /* transform.cpp in Sources */ = {isa = PBXBuildFile; fileRef = BFF31224164F79EA002E567F /* transform.cpp */; };
		BFF3135D164F79EB002E567F /* autocorr2nd.cpp in Sources */ = {isa = PBXBuildFile; fileRef = BFF3125A164F79EA002E567F /* autocorr2nd.cpp */; };
		BFF3135E164F79EB002E567F /* dct.cpp in Sources */ = {isa = PBXBuildFile; fileRef = BFF3125B164F79EA002E567F /* dct.cpp */; };
		BFF3135F164F79EB002E567F /* FDK_bitbuffer.cpp in Sources */ = {isa = PBXBuildFile; fileRef = BFF3125C164F79EA002E567F /* FDK_bitbuffer.cpp */; };
		BFF31360164F79EB002E567F /* FDK_core.cpp in Sources */ = {isa = PBXBuildFile; fileRef = BFF3125D164F79EA002E567F /* FDK_core.cpp */; };
		BFF31361164F79EB002E567F /* FDK_crc.cpp in Sources */ = {isa = PBXBuildFile; fileRef = BFF3125E164F79EA002E567F /* FDK_crc.cpp */; };
		BFF31362164F79EB002E567F /* FDK_hybrid.cpp in Sources */ = {isa = PBXBuildFile; fileRef = BFF3125F164F79EA002E567F /* FDK_hybrid.cpp */; };
		BFF31363164F79EB002E567F /* FDK_tools_rom.cpp in Sources */ = {isa = PBXBuildFile; fileRef = BFF31260164F79EA002E567F /* FDK_tools_rom.cpp */; };
		BFF31364164F79EB002E567F /* FDK_trigFcts.cpp in Sources */ = {isa = PBXBuildFile; fileRef = BFF31261164F79EA002E567F /* FDK_trigFcts.cpp */; };
		BFF31365164F79EB002E567F /* fft.cpp in Sources */ = {isa = PBXBuildFile; fileRef = BFF31262164F79EA002E567F /* fft.cpp */; };
		BFF31366164F79EB002E567F /* fft_rad2.cpp in Sources */ = {isa = PBXBuildFile; fileRef = BFF31263164F79EA002E567F /* fft_rad2.cpp */; };
		BFF31367164F79EB002E567F /* fixpoint_math.cpp in Sources */ = {isa = PBXBuildFile; fileRef = BFF31264164F79EA002E567F /* fixpoint_math.cpp */; };
		BFF31368164F79EB002E567F /* mdct.cpp in Sources */ = {isa = PBXBuildFile; fileRef = BFF31265164F79EA002E567F /* mdct.cpp */; };
		BFF3136C164F79EB002E567F /* qmf.cpp in Sources */ = {isa = PBXBuildFile; fileRef = BFF3126A164F79EA002E567F /* qmf.cpp */; };
		BFF3136D164F79EB002E567F /* scale.cpp in Sources */ = {isa = PBXBuildFile; fileRef = BFF3126B164F79EA002E567F /* scale.cpp */; };
		BFF31374164F79EB002E567F /* tpenc_adif.cpp in Sources */ = {isa = PBXBuildFile; fileRef = BFF31282164F79EA002E567F /* tpenc_adif.cpp */; };
		BFF31375164F79EB002E567F /* tpenc_adts.cpp in Sources */ = {isa = PBXBuildFile; fileRef = BFF31284164F79EA002E567F /* tpenc_adts.cpp */; };
		BFF31376164F79EB002E567F /* tpenc_asc.cpp in Sources */ = {isa = PBXBuildFile; fileRef = BFF31286164F79EA002E567F /* tpenc_asc.cpp */; };
		BFF31377164F79EB002E567F /* tpenc_latm.cpp in Sources */ = {isa = PBXBuildFile; fileRef = BFF31288164F79EA002E567F /* tpenc_latm.cpp */; };
		BFF31378164F79EB002E567F /* tpenc_lib.cpp in Sources */ = {isa = PBXBuildFile; fileRef = BFF3128A164F79EA002E567F /* tpenc_lib.cpp */; };
		BFF3138D164F79EB002E567F /* bit_sbr.cpp in Sources */ = {isa = PBXBuildFile; fileRef = BFF312BD164F79EB002E567F /* bit_sbr.cpp */; };
		BFF3138E164F79EB002E567F /* code_env.cpp in Sources */ = {isa = PBXBuildFile; fileRef = BFF312C0164F79EB002E567F /* code_env.cpp */; };
		BFF3138F164F79EB002E567F /* env_bit.cpp in Sources */ = {isa = PBXBuildFile; fileRef = BFF312C2164F79EB002E567F /* env_bit.cpp */; };
		BFF31390164F79EB002E567F /* env_est.cpp in Sources */ = {isa = PBXBuildFile; fileRef = BFF312C4164F79EB002E567F /* env_est.cpp */; };
		BFF31391164F79EB002E567F /* fram_gen.cpp in Sources */ = {isa = PBXBuildFile; fileRef = BFF312C6164F79EB002E567F /* fram_gen.cpp */; };
		BFF31392164F79EB002E567F /* invf_est.cpp in Sources */ = {isa = PBXBuildFile; fileRef = BFF312C8164F79EB002E567F /* invf_est.cpp */; };
		BFF31393164F79EB002E567F /* mh_det.cpp in Sources */ = {isa = PBXBuildFile; fileRef = BFF312CA164F79EB002E567F /* mh_det.cpp */; };
		BFF31394164F79EB002E567F /* nf_est.cpp in Sources */ = {isa = PBXBuildFile; fileRef = BFF312CC164F79EB002E567F /* nf_est.cpp */; };
		BFF31395164F79EB002E567F /* ps_bitenc.cpp in Sources */ = {isa = PBXBuildFile; fileRef = BFF312CE164F79EB002E567F /* ps_bitenc.cpp */; };
		BFF31396164F79EB002E567F /* ps_encode.cpp in Sources */ = {isa = PBXBuildFile; fileRef = BFF312D1164F79EB002E567F /* ps_encode.cpp */; };
		BFF31397164F79EB002E567F /* ps_main.cpp in Sources */ = {isa = PBXBuildFile; fileRef = BFF312D3164F79EB002E567F /* ps_main.cpp */; };
		BFF31398164F79EB002E567F /* resampler.cpp in Sources */ = {isa = PBXBuildFile; fileRef = BFF312D5164F79EB002E567F /* resampler.cpp */; };
		BFF31399164F79EB002E567F /* sbr_encoder.cpp in Sources */ = {isa = PBXBuildFile; fileRef = BFF312D9164F79EB002E567F /* sbr_encoder.cpp */; };
		BFF3139A164F79EB002E567F /* sbr_misc.cpp in Sources */ = {isa = PBXBuildFile; fileRef = BFF312DA164F79EB002E567F /* sbr_misc.cpp */; };
		BFF3139B164F79EB002E567F /* sbr_ram.cpp in Sources */ = {isa = PBXBuildFile; fileRef = BFF312DC164F79EB002E567F /* sbr_ram.cpp */; };
		BFF3139C164F79EB002E567F /* sbr_rom.cpp in Sources */ = {isa = PBXBuildFile; fileRef = BFF312DE164F79EB002E567F /* sbr_rom.cpp */; };
		BFF3139D164F79EB002E567F /* sbrenc_freq_sca.cpp in Sources */ = {isa = PBXBuildFile; fileRef = BFF312E0164F79EB002E567F /* sbrenc_freq_sca.cpp */; };
		BFF3139E164F79EB002E567F /* ton_corr.cpp in Sources */ = {isa = PBXBuildFile; fileRef = BFF312E2164F79EB002E567F /* ton_corr.cpp */; };
		BFF3139F164F79EB002E567F /* tran_det.cpp in Sources */ = {isa = PBXBuildFile; fileRef = BFF312E4164F79EB002E567F /* tran_det.cpp */; };
		BFF313C4164F7C23002E567F /* genericStds.cpp in Sources */ = {isa = PBXBuildFile; fileRef = BFF313B8164F7C23002E567F /* genericStds.cpp */; };
/* End PBXBuildFile section */

/* Begin PBXFileReference section */
		089C1672FE841209C02AAC07 /* Foundation.framework */ = {isa = PBXFileReference; lastKnownFileType = wrapper.framework; name = Foundation.framework; path = /System/Library/Frameworks/Foundation.framework; sourceTree = "<absolute>"; };
		089C167EFE841241C02AAC07 /* English */ = {isa = PBXFileReference; fileEncoding = 4; lastKnownFileType = text.plist.strings; name = English; path = English.lproj/InfoPlist.strings; sourceTree = "<group>"; };
		089C167FFE841241C02AAC07 /* AppKit.framework */ = {isa = PBXFileReference; lastKnownFileType = wrapper.framework; name = AppKit.framework; path = /System/Library/Frameworks/AppKit.framework; sourceTree = "<absolute>"; };
		1058C7ADFEA557BF11CA2CBB /* Cocoa.framework */ = {isa = PBXFileReference; lastKnownFileType = wrapper.framework; name = Cocoa.framework; path = /System/Library/Frameworks/Cocoa.framework; sourceTree = "<absolute>"; };
		32DBCF630370AF2F00C91783 /* XLDFdkAacOutput_Prefix.pch */ = {isa = PBXFileReference; fileEncoding = 4; lastKnownFileType = sourcecode.c.h; path = XLDFdkAacOutput_Prefix.pch; sourceTree = "<group>"; };
		8D5B49B6048680CD000E48DA /* XLDFdkAacOutput.bundle */ = {isa = PBXFileReference; explicitFileType = wrapper.cfbundle; includeInIndex = 0; path = XLDFdkAacOutput.bundle; sourceTree = BUILT_PRODUCTS_DIR; };
		8D5B49B7048680CD000E48DA /* Info.plist */ = {isa = PBXFileReference; fileEncoding = 4; lastKnownFileType = text.plist.xml; path = Info.plist; sourceTree = "<group>"; };
		BF32E57915B94DCD005120AB /* XLDFdkAacOutput.h */ = {isa = PBXFileReference; fileEncoding = 4; lastKnownFileType = sourcecode.c.h; path = XLDFdkAacOutput.h; sourceTree = "<group>"; };
		BF32E57A15B94DCD005120AB /* XLDFdkAacOutput.m */ = {isa = PBXFileReference; fileEncoding = 4; lastKnownFileType = sourcecode.c.objc; path = XLDFdkAacOutput.m; sourceTree = "<group>"; };
		BF32E57C15B94DD8005120AB /* XLDFdkAacOutputTask.h */ = {isa = PBXFileReference; fileEncoding = 4; lastKnownFileType = sourcecode.c.h; path = XLDFdkAacOutputTask.h; sourceTree = "<group>"; };
		BF32E57D15B94DD8005120AB /* XLDFdkAacOutputTask.m */ = {isa = PBXFileReference; fileEncoding = 4; lastKnownFileType = sourcecode.c.objc; path = XLDFdkAacOutputTask.m; sourceTree = "<group>"; };
		BF32E57F15B94E0E005120AB /* XLDOutput.h */ = {isa = PBXFileReference; fileEncoding = 4; lastKnownFileType = sourcecode.c.h; path = XLDOutput.h; sourceTree = "<group>"; };
		BF32E58015B94E0E005120AB /* XLDOutputTask.h */ = {isa = PBXFileReference; fileEncoding = 4; lastKnownFileType = sourcecode.c.h; path = XLDOutputTask.h; sourceTree = "<group>"; };
		BF32E58115B94E0E005120AB /* XLDTrack.h */ = {isa = PBXFileReference; fileEncoding = 4; lastKnownFileType = sourcecode.c.h; path = XLDTrack.h; sourceTree = "<group>"; };
		BF32E5F715B9610A005120AB /* English */ = {isa = PBXFileReference; lastKnownFileType = file.xib; name = English; path = English.lproj/XLDFdkAacOutput.xib; sourceTree = "<group>"; };
		BF32E6DD15B99FEC005120AB /* box.h */ = {isa = PBXFileReference; fileEncoding = 4; lastKnownFileType = sourcecode.c.h; path = box.h; sourceTree = "<group>"; };
		BF32E6DF15B99FEC005120AB /* osdep.h */ = {isa = PBXFileReference; fileEncoding = 4; lastKnownFileType = sourcecode.c.h; path = osdep.h; sourceTree = "<group>"; };
		BF32E6E015B99FEC005120AB /* importer.h */ = {isa = PBXFileReference; fileEncoding = 4; lastKnownFileType = sourcecode.c.h; path = importer.h; sourceTree = "<group>"; };
		BF32E6E115B99FEC005120AB /* internal.h */ = {isa = PBXFileReference; fileEncoding = 4; lastKnownFileType = sourcecode.c.h; path = internal.h; sourceTree = "<group>"; };
		BF32E6E215B99FEC005120AB /* isom.c */ = {isa = PBXFileReference; fileEncoding = 4; lastKnownFileType = sourcecode.c.c; path = isom.c; sourceTree = "<group>"; };
		BF32E6E315B99FEC005120AB /* isom.h */ = {isa = PBXFileReference; fileEncoding = 4; lastKnownFileType = sourcecode.c.h; path = isom.h; sourceTree = "<group>"; };
		BF32E6E415B99FEC005120AB /* lsmash.h */ = {isa = PBXFileReference; fileEncoding = 4; lastKnownFileType = sourcecode.c.h; path = lsmash.h; sourceTree = "<group>"; };
		BF32E6E515B99FEC005120AB /* meta.c */ = {isa = PBXFileReference; fileEncoding = 4; lastKnownFileType = sourcecode.c.c; path = meta.c; sourceTree = "<group>"; };
		BF32E6E615B99FEC005120AB /* mp4a.c */ = {isa = PBXFileReference; fileEncoding = 4; lastKnownFileType = sourcecode.c.c; path = mp4a.c; sourceTree = "<group>"; };
		BF32E6E715B99FEC005120AB /* mp4a.h */ = {isa = PBXFileReference; fileEncoding = 4; lastKnownFileType = sourcecode.c.h; path = mp4a.h; sourceTree = "<group>"; };
		BF32E6E815B99FEC005120AB /* mp4sys.c */ = {isa = PBXFileReference; fileEncoding = 4; lastKnownFileType = sourcecode.c.c; path = mp4sys.c; sourceTree = "<group>"; };
		BF32E6E915B99FEC005120AB /* mp4sys.h */ = {isa = PBXFileReference; fileEncoding = 4; lastKnownFileType = sourcecode.c.h; path = mp4sys.h; sourceTree = "<group>"; };
		BF32E6EE15B99FEC005120AB /* summary.c */ = {isa = PBXFileReference; fileEncoding = 4; lastKnownFileType = sourcecode.c.c; path = summary.c; sourceTree = "<group>"; };
		BF32E6F115B99FEC005120AB /* utils.c */ = {isa = PBXFileReference; fileEncoding = 4; lastKnownFileType = sourcecode.c.c; path = utils.c; sourceTree = "<group>"; };
		BF32E6F215B99FEC005120AB /* utils.h */ = {isa = PBXFileReference; fileEncoding = 4; lastKnownFileType = sourcecode.c.h; path = utils.h; sourceTree = "<group>"; };
		BF32E6F315B99FEC005120AB /* write.c */ = {isa = PBXFileReference; fileEncoding = 4; lastKnownFileType = sourcecode.c.c; path = write.c; sourceTree = "<group>"; };
		BF32E6F415B99FEC005120AB /* write.h */ = {isa = PBXFileReference; fileEncoding = 4; lastKnownFileType = sourcecode.c.h; path = write.h; sourceTree = "<group>"; };
		BF567EB916A5636E0024A3C8 /* box.c */ = {isa = PBXFileReference; fileEncoding = 4; lastKnownFileType = sourcecode.c.c; path = box.c; sourceTree = "<group>"; };
		BFB760A615E7760900B77BE6 /* alac.c */ = {isa = PBXFileReference; fileEncoding = 4; lastKnownFileType = sourcecode.c.c; path = alac.c; sourceTree = "<group>"; };
		BFD3787C15E00794009FA0BD /* description.h */ = {isa = PBXFileReference; fileEncoding = 4; lastKnownFileType = sourcecode.c.h; path = description.h; sourceTree = "<group>"; };
		BFD3788D15E008E4009FA0BD /* description.c */ = {isa = PBXFileReference; fileEncoding = 4; lastKnownFileType = sourcecode.c.c; path = description.c; sourceTree = "<group>"; };
		BFD3789115E009F8009FA0BD /* dts.c */ = {isa = PBXFileReference; fileEncoding = 4; lastKnownFileType = sourcecode.c.c; path = dts.c; sourceTree = "<group>"; };
		BFD3789215E009F8009FA0BD /* dts.h */ = {isa = PBXFileReference; fileEncoding = 4; lastKnownFileType = sourcecode.c.h; path = dts.h; sourceTree = "<group>"; };
		BFD3789315E009F8009FA0BD /* h264.c */ = {isa = PBXFileReference; fileEncoding = 4; lastKnownFileType = sourcecode.c.c; path = h264.c; sourceTree = "<group>"; };
		BFD3789415E009F8009FA0BD /* h264.h */ = {isa = PBXFileReference; fileEncoding = 4; lastKnownFileType = sourcecode.c.h; path = h264.h; sourceTree = "<group>"; };
		BFD3789915E00A07009FA0BD /* a52.c */ = {isa = PBXFileReference; fileEncoding = 4; lastKnownFileType = sourcecode.c.c; path = a52.c; sourceTree = "<group>"; };
		BFD3789A15E00A07009FA0BD /* a52.h */ = {isa = PBXFileReference; fileEncoding = 4; lastKnownFileType = sourcecode.c.h; path = a52.h; sourceTree = "<group>"; };
		BFD3789E15E00A11009FA0BD /* vc1.c */ = {isa = PBXFileReference; fileEncoding = 4; lastKnownFileType = sourcecode.c.c; path = vc1.c; sourceTree = "<group>"; };
		BFD3789F15E00A11009FA0BD /* vc1.h */ = {isa = PBXFileReference; fileEncoding = 4; lastKnownFileType = sourcecode.c.h; path = vc1.h; sourceTree = "<group>"; };
		BFF311DC164F79EA002E567F /* aacenc_lib.h */ = {isa = PBXFileReference; fileEncoding = 4; lastKnownFileType = sourcecode.c.h; path = aacenc_lib.h; sourceTree = "<group>"; };
		BFF311DE164F79EA002E567F /* aacenc.cpp */ = {isa = PBXFileReference; fileEncoding = 4; lastKnownFileType = sourcecode.cpp.cpp; path = aacenc.cpp; sourceTree = "<group>"; };
		BFF311DF164F79EA002E567F /* aacenc.h */ = {isa = PBXFileReference; fileEncoding = 4; lastKnownFileType = sourcecode.c.h; path = aacenc.h; sourceTree = "<group>"; };
		BFF311E0164F79EA002E567F /* aacenc_hcr.cpp */ = {isa = PBXFileReference; fileEncoding = 4; lastKnownFileType = sourcecode.cpp.cpp; path = aacenc_hcr.cpp; sourceTree = "<group>"; };
		BFF311E1164F79EA002E567F /* aacenc_hcr.h */ = {isa = PBXFileReference; fileEncoding = 4; lastKnownFileType = sourcecode.c.h; path = aacenc_hcr.h; sourceTree = "<group>"; };
		BFF311E2164F79EA002E567F /* aacenc_lib.cpp */ = {isa = PBXFileReference; fileEncoding = 4; lastKnownFileType = sourcecode.cpp.cpp; path = aacenc_lib.cpp; sourceTree = "<group>"; };
		BFF311E3164F79EA002E567F /* aacenc_pns.cpp */ = {isa = PBXFileReference; fileEncoding = 4; lastKnownFileType = sourcecode.cpp.cpp; path = aacenc_pns.cpp; sourceTree = "<group>"; };
		BFF311E4164F79EA002E567F /* aacenc_pns.h */ = {isa = PBXFileReference; fileEncoding = 4; lastKnownFileType = sourcecode.c.h; path = aacenc_pns.h; sourceTree = "<group>"; };
		BFF311E5164F79EA002E567F /* aacEnc_ram.cpp */ = {isa = PBXFileReference; fileEncoding = 4; lastKnownFileType = sourcecode.cpp.cpp; path = aacEnc_ram.cpp; sourceTree = "<group>"; };
		BFF311E6164F79EA002E567F /* aacEnc_ram.h */ = {isa = PBXFileReference; fileEncoding = 4; lastKnownFileType = sourcecode.c.h; path = aacEnc_ram.h; sourceTree = "<group>"; };
		BFF311E7164F79EA002E567F /* aacEnc_rom.cpp */ = {isa = PBXFileReference; fileEncoding = 4; lastKnownFileType = sourcecode.cpp.cpp; path = aacEnc_rom.cpp; sourceTree = "<group>"; };
		BFF311E8164F79EA002E567F /* aacEnc_rom.h */ = {isa = PBXFileReference; fileEncoding = 4; lastKnownFileType = sourcecode.c.h; path = aacEnc_rom.h; sourceTree = "<group>"; };
		BFF311E9164F79EA002E567F /* aacenc_tns.cpp */ = {isa = PBXFileReference; fileEncoding = 4; lastKnownFileType = sourcecode.cpp.cpp; path = aacenc_tns.cpp; sourceTree = "<group>"; };
		BFF311EA164F79EA002E567F /* aacenc_tns.h */ = {isa = PBXFileReference; fileEncoding = 4; lastKnownFileType = sourcecode.c.h; path = aacenc_tns.h; sourceTree = "<group>"; };
		BFF311EB164F79EA002E567F /* adj_thr.cpp */ = {isa = PBXFileReference; fileEncoding = 4; lastKnownFileType = sourcecode.cpp.cpp; path = adj_thr.cpp; sourceTree = "<group>"; };
		BFF311EC164F79EA002E567F /* adj_thr.h */ = {isa = PBXFileReference; fileEncoding = 4; lastKnownFileType = sourcecode.c.h; path = adj_thr.h; sourceTree = "<group>"; };
		BFF311ED164F79EA002E567F /* adj_thr_data.h */ = {isa = PBXFileReference; fileEncoding = 4; lastKnownFileType = sourcecode.c.h; path = adj_thr_data.h; sourceTree = "<group>"; };
		BFF311EE164F79EA002E567F /* band_nrg.cpp */ = {isa = PBXFileReference; fileEncoding = 4; lastKnownFileType = sourcecode.cpp.cpp; path = band_nrg.cpp; sourceTree = "<group>"; };
		BFF311EF164F79EA002E567F /* band_nrg.h */ = {isa = PBXFileReference; fileEncoding = 4; lastKnownFileType = sourcecode.c.h; path = band_nrg.h; sourceTree = "<group>"; };
		BFF311F0164F79EA002E567F /* bandwidth.cpp */ = {isa = PBXFileReference; fileEncoding = 4; lastKnownFileType = sourcecode.cpp.cpp; path = bandwidth.cpp; sourceTree = "<group>"; };
		BFF311F1164F79EA002E567F /* bandwidth.h */ = {isa = PBXFileReference; fileEncoding = 4; lastKnownFileType = sourcecode.c.h; path = bandwidth.h; sourceTree = "<group>"; };
		BFF311F2164F79EA002E567F /* bit_cnt.cpp */ = {isa = PBXFileReference; fileEncoding = 4; lastKnownFileType = sourcecode.cpp.cpp; path = bit_cnt.cpp; sourceTree = "<group>"; };
		BFF311F3164F79EA002E567F /* bit_cnt.h */ = {isa = PBXFileReference; fileEncoding = 4; lastKnownFileType = sourcecode.c.h; path = bit_cnt.h; sourceTree = "<group>"; };
		BFF311F4164F79EA002E567F /* bitenc.cpp */ = {isa = PBXFileReference; fileEncoding = 4; lastKnownFileType = sourcecode.cpp.cpp; path = bitenc.cpp; sourceTree = "<group>"; };
		BFF311F5164F79EA002E567F /* bitenc.h */ = {isa = PBXFileReference; fileEncoding = 4; lastKnownFileType = sourcecode.c.h; path = bitenc.h; sourceTree = "<group>"; };
		BFF311F6164F79EA002E567F /* block_switch.cpp */ = {isa = PBXFileReference; fileEncoding = 4; lastKnownFileType = sourcecode.cpp.cpp; path = block_switch.cpp; sourceTree = "<group>"; };
		BFF311F7164F79EA002E567F /* block_switch.h */ = {isa = PBXFileReference; fileEncoding = 4; lastKnownFileType = sourcecode.c.h; path = block_switch.h; sourceTree = "<group>"; };
		BFF311F8164F79EA002E567F /* channel_map.cpp */ = {isa = PBXFileReference; fileEncoding = 4; lastKnownFileType = sourcecode.cpp.cpp; path = channel_map.cpp; sourceTree = "<group>"; };
		BFF311F9164F79EA002E567F /* channel_map.h */ = {isa = PBXFileReference; fileEncoding = 4; lastKnownFileType = sourcecode.c.h; path = channel_map.h; sourceTree = "<group>"; };
		BFF311FA164F79EA002E567F /* chaosmeasure.cpp */ = {isa = PBXFileReference; fileEncoding = 4; lastKnownFileType = sourcecode.cpp.cpp; path = chaosmeasure.cpp; sourceTree = "<group>"; };
		BFF311FB164F79EA002E567F /* chaosmeasure.h */ = {isa = PBXFileReference; fileEncoding = 4; lastKnownFileType = sourcecode.c.h; path = chaosmeasure.h; sourceTree = "<group>"; };
		BFF311FC164F79EA002E567F /* dyn_bits.cpp */ = {isa = PBXFileReference; fileEncoding = 4; lastKnownFileType = sourcecode.cpp.cpp; path = dyn_bits.cpp; sourceTree = "<group>"; };
		BFF311FD164F79EA002E567F /* dyn_bits.h */ = {isa = PBXFileReference; fileEncoding = 4; lastKnownFileType = sourcecode.c.h; path = dyn_bits.h; sourceTree = "<group>"; };
		BFF311FE164F79EA002E567F /* grp_data.cpp */ = {isa = PBXFileReference; fileEncoding = 4; lastKnownFileType = sourcecode.cpp.cpp; path = grp_data.cpp; sourceTree = "<group>"; };
		BFF311FF164F79EA002E567F /* grp_data.h */ = {isa = PBXFileReference; fileEncoding = 4; lastKnownFileType = sourcecode.c.h; path = grp_data.h; sourceTree = "<group>"; };
		BFF31200164F79EA002E567F /* intensity.cpp */ = {isa = PBXFileReference; fileEncoding = 4; lastKnownFileType = sourcecode.cpp.cpp; path = intensity.cpp; sourceTree = "<group>"; };
		BFF31201164F79EA002E567F /* intensity.h */ = {isa = PBXFileReference; fileEncoding = 4; lastKnownFileType = sourcecode.c.h; path = intensity.h; sourceTree = "<group>"; };
		BFF31202164F79EA002E567F /* interface.h */ = {isa = PBXFileReference; fileEncoding = 4; lastKnownFileType = sourcecode.c.h; path = interface.h; sourceTree = "<group>"; };
		BFF31203164F79EA002E567F /* line_pe.cpp */ = {isa = PBXFileReference; fileEncoding = 4; lastKnownFileType = sourcecode.cpp.cpp; path = line_pe.cpp; sourceTree = "<group>"; };
		BFF31204164F79EA002E567F /* line_pe.h */ = {isa = PBXFileReference; fileEncoding = 4; lastKnownFileType = sourcecode.c.h; path = line_pe.h; sourceTree = "<group>"; };
		BFF31205164F79EA002E567F /* metadata_compressor.cpp */ = {isa = PBXFileReference; fileEncoding = 4; lastKnownFileType = sourcecode.cpp.cpp; path = metadata_compressor.cpp; sourceTree = "<group>"; };
		BFF31206164F79EA002E567F /* metadata_compressor.h */ = {isa = PBXFileReference; fileEncoding = 4; lastKnownFileType = sourcecode.c.h; path = metadata_compressor.h; sourceTree = "<group>"; };
		BFF31207164F79EA002E567F /* metadata_main.cpp */ = {isa = PBXFileReference; fileEncoding = 4; lastKnownFileType = sourcecode.cpp.cpp; path = metadata_main.cpp; sourceTree = "<group>"; };
		BFF31208164F79EA002E567F /* metadata_main.h */ = {isa = PBXFileReference; fileEncoding = 4; lastKnownFileType = sourcecode.c.h; path = metadata_main.h; sourceTree = "<group>"; };
		BFF31209164F79EA002E567F /* ms_stereo.cpp */ = {isa = PBXFileReference; fileEncoding = 4; lastKnownFileType = sourcecode.cpp.cpp; path = ms_stereo.cpp; sourceTree = "<group>"; };
		BFF3120A164F79EA002E567F /* ms_stereo.h */ = {isa = PBXFileReference; fileEncoding = 4; lastKnownFileType = sourcecode.c.h; path = ms_stereo.h; sourceTree = "<group>"; };
		BFF3120B164F79EA002E567F /* noisedet.cpp */ = {isa = PBXFileReference; fileEncoding = 4; lastKnownFileType = sourcecode.cpp.cpp; path = noisedet.cpp; sourceTree = "<group>"; };
		BFF3120C164F79EA002E567F /* noisedet.h */ = {isa = PBXFileReference; fileEncoding = 4; lastKnownFileType = sourcecode.c.h; path = noisedet.h; sourceTree = "<group>"; };
		BFF3120D164F79EA002E567F /* pns_func.h */ = {isa = PBXFileReference; fileEncoding = 4; lastKnownFileType = sourcecode.c.h; path = pns_func.h; sourceTree = "<group>"; };
		BFF3120E164F79EA002E567F /* pnsparam.cpp */ = {isa = PBXFileReference; fileEncoding = 4; lastKnownFileType = sourcecode.cpp.cpp; path = pnsparam.cpp; sourceTree = "<group>"; };
		BFF3120F164F79EA002E567F /* pnsparam.h */ = {isa = PBXFileReference; fileEncoding = 4; lastKnownFileType = sourcecode.c.h; path = pnsparam.h; sourceTree = "<group>"; };
		BFF31210164F79EA002E567F /* pre_echo_control.cpp */ = {isa = PBXFileReference; fileEncoding = 4; lastKnownFileType = sourcecode.cpp.cpp; path = pre_echo_control.cpp; sourceTree = "<group>"; };
		BFF31211164F79EA002E567F /* pre_echo_control.h */ = {isa = PBXFileReference; fileEncoding = 4; lastKnownFileType = sourcecode.c.h; path = pre_echo_control.h; sourceTree = "<group>"; };
		BFF31212164F79EA002E567F /* psy_configuration.cpp */ = {isa = PBXFileReference; fileEncoding = 4; lastKnownFileType = sourcecode.cpp.cpp; path = psy_configuration.cpp; sourceTree = "<group>"; };
		BFF31213164F79EA002E567F /* psy_configuration.h */ = {isa = PBXFileReference; fileEncoding = 4; lastKnownFileType = sourcecode.c.h; path = psy_configuration.h; sourceTree = "<group>"; };
		BFF31214164F79EA002E567F /* psy_const.h */ = {isa = PBXFileReference; fileEncoding = 4; lastKnownFileType = sourcecode.c.h; path = psy_const.h; sourceTree = "<group>"; };
		BFF31215164F79EA002E567F /* psy_data.h */ = {isa = PBXFileReference; fileEncoding = 4; lastKnownFileType = sourcecode.c.h; path = psy_data.h; sourceTree = "<group>"; };
		BFF31216164F79EA002E567F /* psy_main.cpp */ = {isa = PBXFileReference; fileEncoding = 4; lastKnownFileType = sourcecode.cpp.cpp; path = psy_main.cpp; sourceTree = "<group>"; };
		BFF31217164F79EA002E567F /* psy_main.h */ = {isa = PBXFileReference; fileEncoding = 4; lastKnownFileType = sourcecode.c.h; path = psy_main.h; sourceTree = "<group>"; };
		BFF31218164F79EA002E567F /* qc_data.h */ = {isa = PBXFileReference; fileEncoding = 4; lastKnownFileType = sourcecode.c.h; path = qc_data.h; sourceTree = "<group>"; };
		BFF31219164F79EA002E567F /* qc_main.cpp */ = {isa = PBXFileReference; fileEncoding = 4; lastKnownFileType = sourcecode.cpp.cpp; path = qc_main.cpp; sourceTree = "<group>"; };
		BFF3121A164F79EA002E567F /* qc_main.h */ = {isa = PBXFileReference; fileEncoding = 4; lastKnownFileType = sourcecode.c.h; path = qc_main.h; sourceTree = "<group>"; };
		BFF3121B164F79EA002E567F /* quantize.cpp */ = {isa = PBXFileReference; fileEncoding = 4; lastKnownFileType = sourcecode.cpp.cpp; path = quantize.cpp; sourceTree = "<group>"; };
		BFF3121C164F79EA002E567F /* quantize.h */ = {isa = PBXFileReference; fileEncoding = 4; lastKnownFileType = sourcecode.c.h; path = quantize.h; sourceTree = "<group>"; };
		BFF3121D164F79EA002E567F /* sf_estim.cpp */ = {isa = PBXFileReference; fileEncoding = 4; lastKnownFileType = sourcecode.cpp.cpp; path = sf_estim.cpp; sourceTree = "<group>"; };
		BFF3121E164F79EA002E567F /* sf_estim.h */ = {isa = PBXFileReference; fileEncoding = 4; lastKnownFileType = sourcecode.c.h; path = sf_estim.h; sourceTree = "<group>"; };
		BFF3121F164F79EA002E567F /* spreading.cpp */ = {isa = PBXFileReference; fileEncoding = 4; lastKnownFileType = sourcecode.cpp.cpp; path = spreading.cpp; sourceTree = "<group>"; };
		BFF31220164F79EA002E567F /* spreading.h */ = {isa = PBXFileReference; fileEncoding = 4; lastKnownFileType = sourcecode.c.h; path = spreading.h; sourceTree = "<group>"; };
		BFF31221164F79EA002E567F /* tns_func.h */ = {isa = PBXFileReference; fileEncoding = 4; lastKnownFileType = sourcecode.c.h; path = tns_func.h; sourceTree = "<group>"; };
		BFF31222164F79EA002E567F /* tonality.cpp */ = {isa = PBXFileReference; fileEncoding = 4; lastKnownFileType = sourcecode.cpp.cpp; path = tonality.cpp; sourceTree = "<group>"; };
		BFF31223164F79EA002E567F /* tonality.h */ = {isa = PBXFileReference; fileEncoding = 4; lastKnownFileType = sourcecode.c.h; path = tonality.h; sourceTree = "<group>"; };
		BFF31224164F79EA002E567F /* transform.cpp */ = {isa = PBXFileReference; fileEncoding = 4; lastKnownFileType = sourcecode.cpp.cpp; path = transform.cpp; sourceTree = "<group>"; };
		BFF31225164F79EA002E567F /* transform.h */ = {isa = PBXFileReference; fileEncoding = 4; lastKnownFileType = sourcecode.c.h; path = transform.h; sourceTree = "<group>"; };
		BFF31228164F79EA002E567F /* abs.h */ = {isa = PBXFileReference; fileEncoding = 4; lastKnownFileType = sourcecode.c.h; path = abs.h; sourceTree = "<group>"; };
		BFF31230164F79EA002E567F /* autocorr2nd.h */ = {isa = PBXFileReference; fileEncoding = 4; lastKnownFileType = sourcecode.c.h; path = autocorr2nd.h; sourceTree = "<group>"; };
		BFF31231164F79EA002E567F /* clz.h */ = {isa = PBXFileReference; fileEncoding = 4; lastKnownFileType = sourcecode.c.h; path = clz.h; sourceTree = "<group>"; };
		BFF31232164F79EA002E567F /* common_fix.h */ = {isa = PBXFileReference; fileEncoding = 4; lastKnownFileType = sourcecode.c.h; path = common_fix.h; sourceTree = "<group>"; };
		BFF31233164F79EA002E567F /* cplx_mul.h */ = {isa = PBXFileReference; fileEncoding = 4; lastKnownFileType = sourcecode.c.h; path = cplx_mul.h; sourceTree = "<group>"; };
		BFF31234164F79EA002E567F /* dct.h */ = {isa = PBXFileReference; fileEncoding = 4; lastKnownFileType = sourcecode.c.h; path = dct.h; sourceTree = "<group>"; };
		BFF31235164F79EA002E567F /* FDK_archdef.h */ = {isa = PBXFileReference; fileEncoding = 4; lastKnownFileType = sourcecode.c.h; path = FDK_archdef.h; sourceTree = "<group>"; };
		BFF31236164F79EA002E567F /* FDK_bitbuffer.h */ = {isa = PBXFileReference; fileEncoding = 4; lastKnownFileType = sourcecode.c.h; path = FDK_bitbuffer.h; sourceTree = "<group>"; };
		BFF31237164F79EA002E567F /* FDK_bitstream.h */ = {isa = PBXFileReference; fileEncoding = 4; lastKnownFileType = sourcecode.c.h; path = FDK_bitstream.h; sourceTree = "<group>"; };
		BFF31238164F79EA002E567F /* FDK_core.h */ = {isa = PBXFileReference; fileEncoding = 4; lastKnownFileType = sourcecode.c.h; path = FDK_core.h; sourceTree = "<group>"; };
		BFF31239164F79EA002E567F /* FDK_crc.h */ = {isa = PBXFileReference; fileEncoding = 4; lastKnownFileType = sourcecode.c.h; path = FDK_crc.h; sourceTree = "<group>"; };
		BFF3123A164F79EA002E567F /* FDK_hybrid.h */ = {isa = PBXFileReference; fileEncoding = 4; lastKnownFileType = sourcecode.c.h; path = FDK_hybrid.h; sourceTree = "<group>"; };
		BFF3123B164F79EA002E567F /* FDK_tools_rom.h */ = {isa = PBXFileReference; fileEncoding = 4; lastKnownFileType = sourcecode.c.h; path = FDK_tools_rom.h; sourceTree = "<group>"; };
		BFF3123C164F79EA002E567F /* FDK_trigFcts.h */ = {isa = PBXFileReference; fileEncoding = 4; lastKnownFileType = sourcecode.c.h; path = FDK_trigFcts.h; sourceTree = "<group>"; };
		BFF3123D164F79EA002E567F /* fft.h */ = {isa = PBXFileReference; fileEncoding = 4; lastKnownFileType = sourcecode.c.h; path = fft.h; sourceTree = "<group>"; };
		BFF3123E164F79EA002E567F /* fft_rad2.h */ = {isa = PBXFileReference; fileEncoding = 4; lastKnownFileType = sourcecode.c.h; path = fft_rad2.h; sourceTree = "<group>"; };
		BFF3123F164F79EA002E567F /* fixmadd.h */ = {isa = PBXFileReference; fileEncoding = 4; lastKnownFileType = sourcecode.c.h; path = fixmadd.h; sourceTree = "<group>"; };
		BFF31240164F79EA002E567F /* fixminmax.h */ = {isa = PBXFileReference; fileEncoding = 4; lastKnownFileType = sourcecode.c.h; path = fixminmax.h; sourceTree = "<group>"; };
		BFF31241164F79EA002E567F /* fixmul.h */ = {isa = PBXFileReference; fileEncoding = 4; lastKnownFileType = sourcecode.c.h; path = fixmul.h; sourceTree = "<group>"; };
		BFF31242164F79EA002E567F /* fixpoint_math.h */ = {isa = PBXFileReference; fileEncoding = 4; lastKnownFileType = sourcecode.c.h; path = fixpoint_math.h; sourceTree = "<group>"; };
		BFF31243164F79EA002E567F /* mdct.h */ = {isa = PBXFileReference; fileEncoding = 4; lastKnownFileType = sourcecode.c.h; path = mdct.h; sourceTree = "<group>"; };
		BFF3124C164F79EA002E567F /* qmf.h */ = {isa = PBXFileReference; fileEncoding = 4; lastKnownFileType = sourcecode.c.h; path = qmf.h; sourceTree = "<group>"; };
		BFF3124D164F79EA002E567F /* scale.h */ = {isa = PBXFileReference; fileEncoding = 4; lastKnownFileType = sourcecode.c.h; path = scale.h; sourceTree = "<group>"; };
		BFF3124E164F79EA002E567F /* scramble.h */ = {isa = PBXFileReference; fileEncoding = 4; lastKnownFileType = sourcecode.c.h; path = scramble.h; sourceTree = "<group>"; };
		BFF31250164F79EA002E567F /* abs_x86.h */ = {isa = PBXFileReference; fileEncoding = 4; lastKnownFileType = sourcecode.c.h; path = abs_x86.h; sourceTree = "<group>"; };
		BFF31251164F79EA002E567F /* clz_x86.h */ = {isa = PBXFileReference; fileEncoding = 4; lastKnownFileType = sourcecode.c.h; path = clz_x86.h; sourceTree = "<group>"; };
		BFF31252164F79EA002E567F /* fixmul_x86.h */ = {isa = PBXFileReference; fileEncoding = 4; lastKnownFileType = sourcecode.c.h; path = fixmul_x86.h; sourceTree = "<group>"; };
		BFF3125A164F79EA002E567F /* autocorr2nd.cpp */ = {isa = PBXFileReference; fileEncoding = 4; lastKnownFileType = sourcecode.cpp.cpp; path = autocorr2nd.cpp; sourceTree = "<group>"; };
		BFF3125B164F79EA002E567F /* dct.cpp */ = {isa = PBXFileReference; fileEncoding = 4; lastKnownFileType = sourcecode.cpp.cpp; path = dct.cpp; sourceTree = "<group>"; };
		BFF3125C164F79EA002E567F /* FDK_bitbuffer.cpp */ = {isa = PBXFileReference; fileEncoding = 4; lastKnownFileType = sourcecode.cpp.cpp; path = FDK_bitbuffer.cpp; sourceTree = "<group>"; };
		BFF3125D164F79EA002E567F /* FDK_core.cpp */ = {isa = PBXFileReference; fileEncoding = 4; lastKnownFileType = sourcecode.cpp.cpp; path = FDK_core.cpp; sourceTree = "<group>"; };
		BFF3125E164F79EA002E567F /* FDK_crc.cpp */ = {isa = PBXFileReference; fileEncoding = 4; lastKnownFileType = sourcecode.cpp.cpp; path = FDK_crc.cpp; sourceTree = "<group>"; };
		BFF3125F164F79EA002E567F /* FDK_hybrid.cpp */ = {isa = PBXFileReference; fileEncoding = 4; lastKnownFileType = sourcecode.cpp.cpp; path = FDK_hybrid.cpp; sourceTree = "<group>"; };
		BFF31260164F79EA002E567F /* FDK_tools_rom.cpp */ = {isa = PBXFileReference; fileEncoding = 4; lastKnownFileType = sourcecode.cpp.cpp; path = FDK_tools_rom.cpp; sourceTree = "<group>"; };
		BFF31261164F79EA002E567F /* FDK_trigFcts.cpp */ = {isa = PBXFileReference; fileEncoding = 4; lastKnownFileType = sourcecode.cpp.cpp; path = FDK_trigFcts.cpp; sourceTree = "<group>"; };
		BFF31262164F79EA002E567F /* fft.cpp */ = {isa = PBXFileReference; fileEncoding = 4; lastKnownFileType = sourcecode.cpp.cpp; path = fft.cpp; sourceTree = "<group>"; };
		BFF31263164F79EA002E567F /* fft_rad2.cpp */ = {isa = PBXFileReference; fileEncoding = 4; lastKnownFileType = sourcecode.cpp.cpp; path = fft_rad2.cpp; sourceTree = "<group>"; };
		BFF31264164F79EA002E567F /* fixpoint_math.cpp */ = {isa = PBXFileReference; fileEncoding = 4; lastKnownFileType = sourcecode.cpp.cpp; path = fixpoint_math.cpp; sourceTree = "<group>"; };
		BFF31265164F79EA002E567F /* mdct.cpp */ = {isa = PBXFileReference; fileEncoding = 4; lastKnownFileType = sourcecode.cpp.cpp; path = mdct.cpp; sourceTree = "<group>"; };
		BFF3126A164F79EA002E567F /* qmf.cpp */ = {isa = PBXFileReference; fileEncoding = 4; lastKnownFileType = sourcecode.cpp.cpp; path = qmf.cpp; sourceTree = "<group>"; };
		BFF3126B164F79EA002E567F /* scale.cpp */ = {isa = PBXFileReference; fileEncoding = 4; lastKnownFileType = sourcecode.cpp.cpp; path = scale.cpp; sourceTree = "<group>"; };
		BFF3127E164F79EA002E567F /* mpegFileWrite.h */ = {isa = PBXFileReference; fileEncoding = 4; lastKnownFileType = sourcecode.c.h; path = mpegFileWrite.h; sourceTree = "<group>"; };
		BFF3127F164F79EA002E567F /* tp_data.h */ = {isa = PBXFileReference; fileEncoding = 4; lastKnownFileType = sourcecode.c.h; path = tp_data.h; sourceTree = "<group>"; };
		BFF31280164F79EA002E567F /* tpenc_lib.h */ = {isa = PBXFileReference; fileEncoding = 4; lastKnownFileType = sourcecode.c.h; path = tpenc_lib.h; sourceTree = "<group>"; };
		BFF31282164F79EA002E567F /* tpenc_adif.cpp */ = {isa = PBXFileReference; fileEncoding = 4; lastKnownFileType = sourcecode.cpp.cpp; path = tpenc_adif.cpp; sourceTree = "<group>"; };
		BFF31283164F79EA002E567F /* tpenc_adif.h */ = {isa = PBXFileReference; fileEncoding = 4; lastKnownFileType = sourcecode.c.h; path = tpenc_adif.h; sourceTree = "<group>"; };
		BFF31284164F79EA002E567F /* tpenc_adts.cpp */ = {isa = PBXFileReference; fileEncoding = 4; lastKnownFileType = sourcecode.cpp.cpp; path = tpenc_adts.cpp; sourceTree = "<group>"; };
		BFF31285164F79EA002E567F /* tpenc_adts.h */ = {isa = PBXFileReference; fileEncoding = 4; lastKnownFileType = sourcecode.c.h; path = tpenc_adts.h; sourceTree = "<group>"; };
		BFF31286164F79EA002E567F /* tpenc_asc.cpp */ = {isa = PBXFileReference; fileEncoding = 4; lastKnownFileType = sourcecode.cpp.cpp; path = tpenc_asc.cpp; sourceTree = "<group>"; };
		BFF31287164F79EA002E567F /* tpenc_asc.h */ = {isa = PBXFileReference; fileEncoding = 4; lastKnownFileType = sourcecode.c.h; path = tpenc_asc.h; sourceTree = "<group>"; };
		BFF31288164F79EA002E567F /* tpenc_latm.cpp */ = {isa = PBXFileReference; fileEncoding = 4; lastKnownFileType = sourcecode.cpp.cpp; path = tpenc_latm.cpp; sourceTree = "<group>"; };
		BFF31289164F79EA002E567F /* tpenc_latm.h */ = {isa = PBXFileReference; fileEncoding = 4; lastKnownFileType = sourcecode.c.h; path = tpenc_latm.h; sourceTree = "<group>"; };
		BFF3128A164F79EA002E567F /* tpenc_lib.cpp */ = {isa = PBXFileReference; fileEncoding = 4; lastKnownFileType = sourcecode.cpp.cpp; path = tpenc_lib.cpp; sourceTree = "<group>"; };
		BFF312BB164F79EB002E567F /* sbr_encoder.h */ = {isa = PBXFileReference; fileEncoding = 4; lastKnownFileType = sourcecode.c.h; path = sbr_encoder.h; sourceTree = "<group>"; };
		BFF312BD164F79EB002E567F /* bit_sbr.cpp */ = {isa = PBXFileReference; fileEncoding = 4; lastKnownFileType = sourcecode.cpp.cpp; path = bit_sbr.cpp; sourceTree = "<group>"; };
		BFF312BE164F79EB002E567F /* bit_sbr.h */ = {isa = PBXFileReference; fileEncoding = 4; lastKnownFileType = sourcecode.c.h; path = bit_sbr.h; sourceTree = "<group>"; };
		BFF312BF164F79EB002E567F /* cmondata.h */ = {isa = PBXFileReference; fileEncoding = 4; lastKnownFileType = sourcecode.c.h; path = cmondata.h; sourceTree = "<group>"; };
		BFF312C0164F79EB002E567F /* code_env.cpp */ = {isa = PBXFileReference; fileEncoding = 4; lastKnownFileType = sourcecode.cpp.cpp; path = code_env.cpp; sourceTree = "<group>"; };
		BFF312C1164F79EB002E567F /* code_env.h */ = {isa = PBXFileReference; fileEncoding = 4; lastKnownFileType = sourcecode.c.h; path = code_env.h; sourceTree = "<group>"; };
		BFF312C2164F79EB002E567F /* env_bit.cpp */ = {isa = PBXFileReference; fileEncoding = 4; lastKnownFileType = sourcecode.cpp.cpp; path = env_bit.cpp; sourceTree = "<group>"; };
		BFF312C3164F79EB002E567F /* env_bit.h */ = {isa = PBXFileReference; fileEncoding = 4; lastKnownFileType = sourcecode.c.h; path = env_bit.h; sourceTree = "<group>"; };
		BFF312C4164F79EB002E567F /* env_est.cpp */ = {isa = PBXFileReference; fileEncoding = 4; lastKnownFileType = sourcecode.cpp.cpp; path = env_est.cpp; sourceTree = "<group>"; };
		BFF312C5164F79EB002E567F /* env_est.h */ = {isa = PBXFileReference; fileEncoding = 4; lastKnownFileType = sourcecode.c.h; path = env_est.h; sourceTree = "<group>"; };
		BFF312C6164F79EB002E567F /* fram_gen.cpp */ = {isa = PBXFileReference; fileEncoding = 4; lastKnownFileType = sourcecode.cpp.cpp; path = fram_gen.cpp; sourceTree = "<group>"; };
		BFF312C7164F79EB002E567F /* fram_gen.h */ = {isa = PBXFileReference; fileEncoding = 4; lastKnownFileType = sourcecode.c.h; path = fram_gen.h; sourceTree = "<group>"; };
		BFF312C8164F79EB002E567F /* invf_est.cpp */ = {isa = PBXFileReference; fileEncoding = 4; lastKnownFileType = sourcecode.cpp.cpp; path = invf_est.cpp; sourceTree = "<group>"; };
		BFF312C9164F79EB002E567F /* invf_est.h */ = {isa = PBXFileReference; fileEncoding = 4; lastKnownFileType = sourcecode.c.h; path = invf_est.h; sourceTree = "<group>"; };
		BFF312CA164F79EB002E567F /* mh_det.cpp */ = {isa = PBXFileReference; fileEncoding = 4; lastKnownFileType = sourcecode.cpp.cpp; path = mh_det.cpp; sourceTree = "<group>"; };
		BFF312CB164F79EB002E567F /* mh_det.h */ = {isa = PBXFileReference; fileEncoding = 4; lastKnownFileType = sourcecode.c.h; path = mh_det.h; sourceTree = "<group>"; };
		BFF312CC164F79EB002E567F /* nf_est.cpp */ = {isa = PBXFileReference; fileEncoding = 4; lastKnownFileType = sourcecode.cpp.cpp; path = nf_est.cpp; sourceTree = "<group>"; };
		BFF312CD164F79EB002E567F /* nf_est.h */ = {isa = PBXFileReference; fileEncoding = 4; lastKnownFileType = sourcecode.c.h; path = nf_est.h; sourceTree = "<group>"; };
		BFF312CE164F79EB002E567F /* ps_bitenc.cpp */ = {isa = PBXFileReference; fileEncoding = 4; lastKnownFileType = sourcecode.cpp.cpp; path = ps_bitenc.cpp; sourceTree = "<group>"; };
		BFF312CF164F79EB002E567F /* ps_bitenc.h */ = {isa = PBXFileReference; fileEncoding = 4; lastKnownFileType = sourcecode.c.h; path = ps_bitenc.h; sourceTree = "<group>"; };
		BFF312D0164F79EB002E567F /* ps_const.h */ = {isa = PBXFileReference; fileEncoding = 4; lastKnownFileType = sourcecode.c.h; path = ps_const.h; sourceTree = "<group>"; };
		BFF312D1164F79EB002E567F /* ps_encode.cpp */ = {isa = PBXFileReference; fileEncoding = 4; lastKnownFileType = sourcecode.cpp.cpp; path = ps_encode.cpp; sourceTree = "<group>"; };
		BFF312D2164F79EB002E567F /* ps_encode.h */ = {isa = PBXFileReference; fileEncoding = 4; lastKnownFileType = sourcecode.c.h; path = ps_encode.h; sourceTree = "<group>"; };
		BFF312D3164F79EB002E567F /* ps_main.cpp */ = {isa = PBXFileReference; fileEncoding = 4; lastKnownFileType = sourcecode.cpp.cpp; path = ps_main.cpp; sourceTree = "<group>"; };
		BFF312D4164F79EB002E567F /* ps_main.h */ = {isa = PBXFileReference; fileEncoding = 4; lastKnownFileType = sourcecode.c.h; path = ps_main.h; sourceTree = "<group>"; };
		BFF312D5164F79EB002E567F /* resampler.cpp */ = {isa = PBXFileReference; fileEncoding = 4; lastKnownFileType = sourcecode.cpp.cpp; path = resampler.cpp; sourceTree = "<group>"; };
		BFF312D6164F79EB002E567F /* resampler.h */ = {isa = PBXFileReference; fileEncoding = 4; lastKnownFileType = sourcecode.c.h; path = resampler.h; sourceTree = "<group>"; };
		BFF312D7164F79EB002E567F /* sbr.h */ = {isa = PBXFileReference; fileEncoding = 4; lastKnownFileType = sourcecode.c.h; path = sbr.h; sourceTree = "<group>"; };
		BFF312D8164F79EB002E567F /* sbr_def.h */ = {isa = PBXFileReference; fileEncoding = 4; lastKnownFileType = sourcecode.c.h; path = sbr_def.h; sourceTree = "<group>"; };
		BFF312D9164F79EB002E567F /* sbr_encoder.cpp */ = {isa = PBXFileReference; fileEncoding = 4; lastKnownFileType = sourcecode.cpp.cpp; path = sbr_encoder.cpp; sourceTree = "<group>"; };
		BFF312DA164F79EB002E567F /* sbr_misc.cpp */ = {isa = PBXFileReference; fileEncoding = 4; lastKnownFileType = sourcecode.cpp.cpp; path = sbr_misc.cpp; sourceTree = "<group>"; };
		BFF312DB164F79EB002E567F /* sbr_misc.h */ = {isa = PBXFileReference; fileEncoding = 4; lastKnownFileType = sourcecode.c.h; path = sbr_misc.h; sourceTree = "<group>"; };
		BFF312DC164F79EB002E567F /* sbr_ram.cpp */ = {isa = PBXFileReference; fileEncoding = 4; lastKnownFileType = sourcecode.cpp.cpp; path = sbr_ram.cpp; sourceTree = "<group>"; };
		BFF312DD164F79EB002E567F /* sbr_ram.h */ = {isa = PBXFileReference; fileEncoding = 4; lastKnownFileType = sourcecode.c.h; path = sbr_ram.h; sourceTree = "<group>"; };
		BFF312DE164F79EB002E567F /* sbr_rom.cpp */ = {isa = PBXFileReference; fileEncoding = 4; lastKnownFileType = sourcecode.cpp.cpp; path = sbr_rom.cpp; sourceTree = "<group>"; };
		BFF312DF164F79EB002E567F /* sbr_rom.h */ = {isa = PBXFileReference; fileEncoding = 4; lastKnownFileType = sourcecode.c.h; path = sbr_rom.h; sourceTree = "<group>"; };
		BFF312E0164F79EB002E567F /* sbrenc_freq_sca.cpp */ = {isa = PBXFileReference; fileEncoding = 4; lastKnownFileType = sourcecode.cpp.cpp; path = sbrenc_freq_sca.cpp; sourceTree = "<group>"; };
		BFF312E1164F79EB002E567F /* sbrenc_freq_sca.h */ = {isa = PBXFileReference; fileEncoding = 4; lastKnownFileType = sourcecode.c.h; path = sbrenc_freq_sca.h; sourceTree = "<group>"; };
		BFF312E2164F79EB002E567F /* ton_corr.cpp */ = {isa = PBXFileReference; fileEncoding = 4; lastKnownFileType = sourcecode.cpp.cpp; path = ton_corr.cpp; sourceTree = "<group>"; };
		BFF312E3164F79EB002E567F /* ton_corr.h */ = {isa = PBXFileReference; fileEncoding = 4; lastKnownFileType = sourcecode.c.h; path = ton_corr.h; sourceTree = "<group>"; };
		BFF312E4164F79EB002E567F /* tran_det.cpp */ = {isa = PBXFileReference; fileEncoding = 4; lastKnownFileType = sourcecode.cpp.cpp; path = tran_det.cpp; sourceTree = "<group>"; };
		BFF312E5164F79EB002E567F /* tran_det.h */ = {isa = PBXFileReference; fileEncoding = 4; lastKnownFileType = sourcecode.c.h; path = tran_det.h; sourceTree = "<group>"; };
		BFF312E8164F79EB002E567F /* audio.h */ = {isa = PBXFileReference; fileEncoding = 4; lastKnownFileType = sourcecode.c.h; path = audio.h; sourceTree = "<group>"; };
		BFF312EA164F79EB002E567F /* conv_string.h */ = {isa = PBXFileReference; fileEncoding = 4; lastKnownFileType = sourcecode.c.h; path = conv_string.h; sourceTree = "<group>"; };
		BFF312EB164F79EB002E567F /* FDK_audio.h */ = {isa = PBXFileReference; fileEncoding = 4; lastKnownFileType = sourcecode.c.h; path = FDK_audio.h; sourceTree = "<group>"; };
		BFF312EC164F79EB002E567F /* genericStds.h */ = {isa = PBXFileReference; fileEncoding = 4; lastKnownFileType = sourcecode.c.h; path = genericStds.h; sourceTree = "<group>"; };
		BFF312ED164F79EB002E567F /* machine_type.h */ = {isa = PBXFileReference; fileEncoding = 4; lastKnownFileType = sourcecode.c.h; path = machine_type.h; sourceTree = "<group>"; };
		BFF313B8164F7C23002E567F /* genericStds.cpp */ = {isa = PBXFileReference; fileEncoding = 4; lastKnownFileType = sourcecode.cpp.cpp; path = genericStds.cpp; sourceTree = "<group>"; };
		BFF313DF164F7ECB002E567F /* clz_ppc.h */ = {isa = PBXFileReference; fileEncoding = 4; lastKnownFileType = sourcecode.c.h; path = clz_ppc.h; sourceTree = "<group>"; };
		BFF313E0164F7ECB002E567F /* fixmul_ppc.h */ = {isa = PBXFileReference; fileEncoding = 4; lastKnownFileType = sourcecode.c.h; path = fixmul_ppc.h; sourceTree = "<group>"; };
		D2F7E65807B2D6F200F64583 /* CoreData.framework */ = {isa = PBXFileReference; lastKnownFileType = wrapper.framework; name = CoreData.framework; path = /System/Library/Frameworks/CoreData.framework; sourceTree = "<absolute>"; };
/* End PBXFileReference section */

/* Begin PBXFrameworksBuildPhase section */
		8D5B49B3048680CD000E48DA /* Frameworks */ = {
			isa = PBXFrameworksBuildPhase;
			buildActionMask = 2147483647;
			files = (
				8D5B49B4048680CD000E48DA /* Cocoa.framework in Frameworks */,
			);
			runOnlyForDeploymentPostprocessing = 0;
		};
/* End PBXFrameworksBuildPhase section */

/* Begin PBXGroup section */
		089C166AFE841209C02AAC07 /* XLDFdkAacOutput */ = {
			isa = PBXGroup;
			children = (
				08FB77AFFE84173DC02AAC07 /* Classes */,
				32C88E010371C26100C91783 /* Other Sources */,
				089C167CFE841241C02AAC07 /* Resources */,
				089C1671FE841209C02AAC07 /* Frameworks and Libraries */,
				19C28FB8FE9D52D311CA2CBB /* Products */,
			);
			name = XLDFdkAacOutput;
			sourceTree = "<group>";
		};
		089C1671FE841209C02AAC07 /* Frameworks and Libraries */ = {
			isa = PBXGroup;
			children = (
				1058C7ACFEA557BF11CA2CBB /* Linked Frameworks */,
				1058C7AEFEA557BF11CA2CBB /* Other Frameworks */,
			);
			name = "Frameworks and Libraries";
			sourceTree = "<group>";
		};
		089C167CFE841241C02AAC07 /* Resources */ = {
			isa = PBXGroup;
			children = (
				8D5B49B7048680CD000E48DA /* Info.plist */,
				089C167DFE841241C02AAC07 /* InfoPlist.strings */,
				BF32E5F915B96111005120AB /* XLDFdkAacOutput.xib */,
			);
			name = Resources;
			sourceTree = "<group>";
		};
		08FB77AFFE84173DC02AAC07 /* Classes */ = {
			isa = PBXGroup;
			children = (
				BF32E57915B94DCD005120AB /* XLDFdkAacOutput.h */,
				BF32E57A15B94DCD005120AB /* XLDFdkAacOutput.m */,
				BF32E57C15B94DD8005120AB /* XLDFdkAacOutputTask.h */,
				BF32E57D15B94DD8005120AB /* XLDFdkAacOutputTask.m */,
				BF32E57F15B94E0E005120AB /* XLDOutput.h */,
				BF32E58015B94E0E005120AB /* XLDOutputTask.h */,
				BF32E58115B94E0E005120AB /* XLDTrack.h */,
			);
			name = Classes;
			sourceTree = "<group>";
		};
		1058C7ACFEA557BF11CA2CBB /* Linked Frameworks */ = {
			isa = PBXGroup;
			children = (
				1058C7ADFEA557BF11CA2CBB /* Cocoa.framework */,
			);
			name = "Linked Frameworks";
			sourceTree = "<group>";
		};
		1058C7AEFEA557BF11CA2CBB /* Other Frameworks */ = {
			isa = PBXGroup;
			children = (
				089C167FFE841241C02AAC07 /* AppKit.framework */,
				D2F7E65807B2D6F200F64583 /* CoreData.framework */,
				089C1672FE841209C02AAC07 /* Foundation.framework */,
			);
			name = "Other Frameworks";
			sourceTree = "<group>";
		};
		19C28FB8FE9D52D311CA2CBB /* Products */ = {
			isa = PBXGroup;
			children = (
				8D5B49B6048680CD000E48DA /* XLDFdkAacOutput.bundle */,
			);
			name = Products;
			sourceTree = "<group>";
		};
		32C88E010371C26100C91783 /* Other Sources */ = {
			isa = PBXGroup;
			children = (
				32DBCF630370AF2F00C91783 /* XLDFdkAacOutput_Prefix.pch */,
				BFF31177164F79EA002E567F /* fdk-aac */,
				BF32E6DC15B99FEC005120AB /* l-smash */,
			);
			name = "Other Sources";
			sourceTree = "<group>";
		};
		BF32E6DC15B99FEC005120AB /* l-smash */ = {
			isa = PBXGroup;
			children = (
				BFD3789915E00A07009FA0BD /* a52.c */,
				BFD3789A15E00A07009FA0BD /* a52.h */,
				BFB760A615E7760900B77BE6 /* alac.c */,
				BF567EB916A5636E0024A3C8 /* box.c */,
				BF32E6DD15B99FEC005120AB /* box.h */,
				BF32E6DE15B99FEC005120AB /* common */,
				BFD3788D15E008E4009FA0BD /* description.c */,
				BFD3787C15E00794009FA0BD /* description.h */,
				BFD3789115E009F8009FA0BD /* dts.c */,
				BFD3789215E009F8009FA0BD /* dts.h */,
				BFD3789315E009F8009FA0BD /* h264.c */,
				BFD3789415E009F8009FA0BD /* h264.h */,
				BF32E6E015B99FEC005120AB /* importer.h */,
				BF32E6E115B99FEC005120AB /* internal.h */,
				BF32E6E215B99FEC005120AB /* isom.c */,
				BF32E6E315B99FEC005120AB /* isom.h */,
				BF32E6E415B99FEC005120AB /* lsmash.h */,
				BF32E6E515B99FEC005120AB /* meta.c */,
				BF32E6E615B99FEC005120AB /* mp4a.c */,
				BF32E6E715B99FEC005120AB /* mp4a.h */,
				BF32E6E815B99FEC005120AB /* mp4sys.c */,
				BF32E6E915B99FEC005120AB /* mp4sys.h */,
				BF32E6EE15B99FEC005120AB /* summary.c */,
				BF32E6F115B99FEC005120AB /* utils.c */,
				BF32E6F215B99FEC005120AB /* utils.h */,
				BFD3789E15E00A11009FA0BD /* vc1.c */,
				BFD3789F15E00A11009FA0BD /* vc1.h */,
				BF32E6F315B99FEC005120AB /* write.c */,
				BF32E6F415B99FEC005120AB /* write.h */,
			);
			path = "l-smash";
			sourceTree = "<group>";
		};
		BF32E6DE15B99FEC005120AB /* common */ = {
			isa = PBXGroup;
			children = (
				BF32E6DF15B99FEC005120AB /* osdep.h */,
			);
			path = common;
			sourceTree = "<group>";
		};
		BFF31177164F79EA002E567F /* fdk-aac */ = {
			isa = PBXGroup;
			children = (
				BFF311DA164F79EA002E567F /* libAACenc */,
				BFF31226164F79EA002E567F /* libFDK */,
				BFF3127C164F79EA002E567F /* libMpegTPEnc */,
				BFF312B9164F79EB002E567F /* libSBRenc */,
				BFF312E6164F79EB002E567F /* libSYS */,
			);
			path = "fdk-aac";
			sourceTree = "<group>";
		};
		BFF311DA164F79EA002E567F /* libAACenc */ = {
			isa = PBXGroup;
			children = (
				BFF311DB164F79EA002E567F /* include */,
				BFF311DD164F79EA002E567F /* src */,
			);
			path = libAACenc;
			sourceTree = "<group>";
		};
		BFF311DB164F79EA002E567F /* include */ = {
			isa = PBXGroup;
			children = (
				BFF311DC164F79EA002E567F /* aacenc_lib.h */,
			);
			path = include;
			sourceTree = "<group>";
		};
		BFF311DD164F79EA002E567F /* src */ = {
			isa = PBXGroup;
			children = (
				BFF311DE164F79EA002E567F /* aacenc.cpp */,
				BFF311DF164F79EA002E567F /* aacenc.h */,
				BFF311E0164F79EA002E567F /* aacenc_hcr.cpp */,
				BFF311E1164F79EA002E567F /* aacenc_hcr.h */,
				BFF311E2164F79EA002E567F /* aacenc_lib.cpp */,
				BFF311E3164F79EA002E567F /* aacenc_pns.cpp */,
				BFF311E4164F79EA002E567F /* aacenc_pns.h */,
				BFF311E5164F79EA002E567F /* aacEnc_ram.cpp */,
				BFF311E6164F79EA002E567F /* aacEnc_ram.h */,
				BFF311E7164F79EA002E567F /* aacEnc_rom.cpp */,
				BFF311E8164F79EA002E567F /* aacEnc_rom.h */,
				BFF311E9164F79EA002E567F /* aacenc_tns.cpp */,
				BFF311EA164F79EA002E567F /* aacenc_tns.h */,
				BFF311EB164F79EA002E567F /* adj_thr.cpp */,
				BFF311EC164F79EA002E567F /* adj_thr.h */,
				BFF311ED164F79EA002E567F /* adj_thr_data.h */,
				BFF311EE164F79EA002E567F /* band_nrg.cpp */,
				BFF311EF164F79EA002E567F /* band_nrg.h */,
				BFF311F0164F79EA002E567F /* bandwidth.cpp */,
				BFF311F1164F79EA002E567F /* bandwidth.h */,
				BFF311F2164F79EA002E567F /* bit_cnt.cpp */,
				BFF311F3164F79EA002E567F /* bit_cnt.h */,
				BFF311F4164F79EA002E567F /* bitenc.cpp */,
				BFF311F5164F79EA002E567F /* bitenc.h */,
				BFF311F6164F79EA002E567F /* block_switch.cpp */,
				BFF311F7164F79EA002E567F /* block_switch.h */,
				BFF311F8164F79EA002E567F /* channel_map.cpp */,
				BFF311F9164F79EA002E567F /* channel_map.h */,
				BFF311FA164F79EA002E567F /* chaosmeasure.cpp */,
				BFF311FB164F79EA002E567F /* chaosmeasure.h */,
				BFF311FC164F79EA002E567F /* dyn_bits.cpp */,
				BFF311FD164F79EA002E567F /* dyn_bits.h */,
				BFF311FE164F79EA002E567F /* grp_data.cpp */,
				BFF311FF164F79EA002E567F /* grp_data.h */,
				BFF31200164F79EA002E567F /* intensity.cpp */,
				BFF31201164F79EA002E567F /* intensity.h */,
				BFF31202164F79EA002E567F /* interface.h */,
				BFF31203164F79EA002E567F /* line_pe.cpp */,
				BFF31204164F79EA002E567F /* line_pe.h */,
				BFF31205164F79EA002E567F /* metadata_compressor.cpp */,
				BFF31206164F79EA002E567F /* metadata_compressor.h */,
				BFF31207164F79EA002E567F /* metadata_main.cpp */,
				BFF31208164F79EA002E567F /* metadata_main.h */,
				BFF31209164F79EA002E567F /* ms_stereo.cpp */,
				BFF3120A164F79EA002E567F /* ms_stereo.h */,
				BFF3120B164F79EA002E567F /* noisedet.cpp */,
				BFF3120C164F79EA002E567F /* noisedet.h */,
				BFF3120D164F79EA002E567F /* pns_func.h */,
				BFF3120E164F79EA002E567F /* pnsparam.cpp */,
				BFF3120F164F79EA002E567F /* pnsparam.h */,
				BFF31210164F79EA002E567F /* pre_echo_control.cpp */,
				BFF31211164F79EA002E567F /* pre_echo_control.h */,
				BFF31212164F79EA002E567F /* psy_configuration.cpp */,
				BFF31213164F79EA002E567F /* psy_configuration.h */,
				BFF31214164F79EA002E567F /* psy_const.h */,
				BFF31215164F79EA002E567F /* psy_data.h */,
				BFF31216164F79EA002E567F /* psy_main.cpp */,
				BFF31217164F79EA002E567F /* psy_main.h */,
				BFF31218164F79EA002E567F /* qc_data.h */,
				BFF31219164F79EA002E567F /* qc_main.cpp */,
				BFF3121A164F79EA002E567F /* qc_main.h */,
				BFF3121B164F79EA002E567F /* quantize.cpp */,
				BFF3121C164F79EA002E567F /* quantize.h */,
				BFF3121D164F79EA002E567F /* sf_estim.cpp */,
				BFF3121E164F79EA002E567F /* sf_estim.h */,
				BFF3121F164F79EA002E567F /* spreading.cpp */,
				BFF31220164F79EA002E567F /* spreading.h */,
				BFF31221164F79EA002E567F /* tns_func.h */,
				BFF31222164F79EA002E567F /* tonality.cpp */,
				BFF31223164F79EA002E567F /* tonality.h */,
				BFF31224164F79EA002E567F /* transform.cpp */,
				BFF31225164F79EA002E567F /* transform.h */,
			);
			path = src;
			sourceTree = "<group>";
		};
		BFF31226164F79EA002E567F /* libFDK */ = {
			isa = PBXGroup;
			children = (
				BFF31227164F79EA002E567F /* include */,
				BFF31253164F79EA002E567F /* src */,
			);
			path = libFDK;
			sourceTree = "<group>";
		};
		BFF31227164F79EA002E567F /* include */ = {
			isa = PBXGroup;
			children = (
				BFF31228164F79EA002E567F /* abs.h */,
				BFF31230164F79EA002E567F /* autocorr2nd.h */,
				BFF31231164F79EA002E567F /* clz.h */,
				BFF31232164F79EA002E567F /* common_fix.h */,
				BFF31233164F79EA002E567F /* cplx_mul.h */,
				BFF31234164F79EA002E567F /* dct.h */,
				BFF31235164F79EA002E567F /* FDK_archdef.h */,
				BFF31236164F79EA002E567F /* FDK_bitbuffer.h */,
				BFF31237164F79EA002E567F /* FDK_bitstream.h */,
				BFF31238164F79EA002E567F /* FDK_core.h */,
				BFF31239164F79EA002E567F /* FDK_crc.h */,
				BFF3123A164F79EA002E567F /* FDK_hybrid.h */,
				BFF3123B164F79EA002E567F /* FDK_tools_rom.h */,
				BFF3123C164F79EA002E567F /* FDK_trigFcts.h */,
				BFF3123D164F79EA002E567F /* fft.h */,
				BFF3123E164F79EA002E567F /* fft_rad2.h */,
				BFF3123F164F79EA002E567F /* fixmadd.h */,
				BFF31240164F79EA002E567F /* fixminmax.h */,
				BFF31241164F79EA002E567F /* fixmul.h */,
				BFF31242164F79EA002E567F /* fixpoint_math.h */,
				BFF31243164F79EA002E567F /* mdct.h */,
				BFF313DE164F7ECB002E567F /* ppc */,
				BFF3124C164F79EA002E567F /* qmf.h */,
				BFF3124D164F79EA002E567F /* scale.h */,
				BFF3124E164F79EA002E567F /* scramble.h */,
				BFF3124F164F79EA002E567F /* x86 */,
			);
			path = include;
			sourceTree = "<group>";
		};
		BFF3124F164F79EA002E567F /* x86 */ = {
			isa = PBXGroup;
			children = (
				BFF31250164F79EA002E567F /* abs_x86.h */,
				BFF31251164F79EA002E567F /* clz_x86.h */,
				BFF31252164F79EA002E567F /* fixmul_x86.h */,
			);
			path = x86;
			sourceTree = "<group>";
		};
		BFF31253164F79EA002E567F /* src */ = {
			isa = PBXGroup;
			children = (
				BFF3125A164F79EA002E567F /* autocorr2nd.cpp */,
				BFF3125B164F79EA002E567F /* dct.cpp */,
				BFF3125C164F79EA002E567F /* FDK_bitbuffer.cpp */,
				BFF3125D164F79EA002E567F /* FDK_core.cpp */,
				BFF3125E164F79EA002E567F /* FDK_crc.cpp */,
				BFF3125F164F79EA002E567F /* FDK_hybrid.cpp */,
				BFF31260164F79EA002E567F /* FDK_tools_rom.cpp */,
				BFF31261164F79EA002E567F /* FDK_trigFcts.cpp */,
				BFF31262164F79EA002E567F /* fft.cpp */,
				BFF31263164F79EA002E567F /* fft_rad2.cpp */,
				BFF31264164F79EA002E567F /* fixpoint_math.cpp */,
				BFF31265164F79EA002E567F /* mdct.cpp */,
				BFF3126A164F79EA002E567F /* qmf.cpp */,
				BFF3126B164F79EA002E567F /* scale.cpp */,
			);
			path = src;
			sourceTree = "<group>";
		};
		BFF3127C164F79EA002E567F /* libMpegTPEnc */ = {
			isa = PBXGroup;
			children = (
				BFF3127D164F79EA002E567F /* include */,
				BFF31281164F79EA002E567F /* src */,
			);
			path = libMpegTPEnc;
			sourceTree = "<group>";
		};
		BFF3127D164F79EA002E567F /* include */ = {
			isa = PBXGroup;
			children = (
				BFF3127E164F79EA002E567F /* mpegFileWrite.h */,
				BFF3127F164F79EA002E567F /* tp_data.h */,
				BFF31280164F79EA002E567F /* tpenc_lib.h */,
			);
			path = include;
			sourceTree = "<group>";
		};
		BFF31281164F79EA002E567F /* src */ = {
			isa = PBXGroup;
			children = (
				BFF31282164F79EA002E567F /* tpenc_adif.cpp */,
				BFF31283164F79EA002E567F /* tpenc_adif.h */,
				BFF31284164F79EA002E567F /* tpenc_adts.cpp */,
				BFF31285164F79EA002E567F /* tpenc_adts.h */,
				BFF31286164F79EA002E567F /* tpenc_asc.cpp */,
				BFF31287164F79EA002E567F /* tpenc_asc.h */,
				BFF31288164F79EA002E567F /* tpenc_latm.cpp */,
				BFF31289164F79EA002E567F /* tpenc_latm.h */,
				BFF3128A164F79EA002E567F /* tpenc_lib.cpp */,
			);
			path = src;
			sourceTree = "<group>";
		};
		BFF312B9164F79EB002E567F /* libSBRenc */ = {
			isa = PBXGroup;
			children = (
				BFF312BA164F79EB002E567F /* include */,
				BFF312BC164F79EB002E567F /* src */,
			);
			path = libSBRenc;
			sourceTree = "<group>";
		};
		BFF312BA164F79EB002E567F /* include */ = {
			isa = PBXGroup;
			children = (
				BFF312BB164F79EB002E567F /* sbr_encoder.h */,
			);
			path = include;
			sourceTree = "<group>";
		};
		BFF312BC164F79EB002E567F /* src */ = {
			isa = PBXGroup;
			children = (
				BFF312BD164F79EB002E567F /* bit_sbr.cpp */,
				BFF312BE164F79EB002E567F /* bit_sbr.h */,
				BFF312BF164F79EB002E567F /* cmondata.h */,
				BFF312C0164F79EB002E567F /* code_env.cpp */,
				BFF312C1164F79EB002E567F /* code_env.h */,
				BFF312C2164F79EB002E567F /* env_bit.cpp */,
				BFF312C3164F79EB002E567F /* env_bit.h */,
				BFF312C4164F79EB002E567F /* env_est.cpp */,
				BFF312C5164F79EB002E567F /* env_est.h */,
				BFF312C6164F79EB002E567F /* fram_gen.cpp */,
				BFF312C7164F79EB002E567F /* fram_gen.h */,
				BFF312C8164F79EB002E567F /* invf_est.cpp */,
				BFF312C9164F79EB002E567F /* invf_est.h */,
				BFF312CA164F79EB002E567F /* mh_det.cpp */,
				BFF312CB164F79EB002E567F /* mh_det.h */,
				BFF312CC164F79EB002E567F /* nf_est.cpp */,
				BFF312CD164F79EB002E567F /* nf_est.h */,
				BFF312CE164F79EB002E567F /* ps_bitenc.cpp */,
				BFF312CF164F79EB002E567F /* ps_bitenc.h */,
				BFF312D0164F79EB002E567F /* ps_const.h */,
				BFF312D1164F79EB002E567F /* ps_encode.cpp */,
				BFF312D2164F79EB002E567F /* ps_encode.h */,
				BFF312D3164F79EB002E567F /* ps_main.cpp */,
				BFF312D4164F79EB002E567F /* ps_main.h */,
				BFF312D5164F79EB002E567F /* resampler.cpp */,
				BFF312D6164F79EB002E567F /* resampler.h */,
				BFF312D7164F79EB002E567F /* sbr.h */,
				BFF312D8164F79EB002E567F /* sbr_def.h */,
				BFF312D9164F79EB002E567F /* sbr_encoder.cpp */,
				BFF312DA164F79EB002E567F /* sbr_misc.cpp */,
				BFF312DB164F79EB002E567F /* sbr_misc.h */,
				BFF312DC164F79EB002E567F /* sbr_ram.cpp */,
				BFF312DD164F79EB002E567F /* sbr_ram.h */,
				BFF312DE164F79EB002E567F /* sbr_rom.cpp */,
				BFF312DF164F79EB002E567F /* sbr_rom.h */,
				BFF312E0164F79EB002E567F /* sbrenc_freq_sca.cpp */,
				BFF312E1164F79EB002E567F /* sbrenc_freq_sca.h */,
				BFF312E2164F79EB002E567F /* ton_corr.cpp */,
				BFF312E3164F79EB002E567F /* ton_corr.h */,
				BFF312E4164F79EB002E567F /* tran_det.cpp */,
				BFF312E5164F79EB002E567F /* tran_det.h */,
			);
			path = src;
			sourceTree = "<group>";
		};
		BFF312E6164F79EB002E567F /* libSYS */ = {
			isa = PBXGroup;
			children = (
				BFF313B5164F7C23002E567F /* src */,
				BFF312E7164F79EB002E567F /* include */,
			);
			path = libSYS;
			sourceTree = "<group>";
		};
		BFF312E7164F79EB002E567F /* include */ = {
			isa = PBXGroup;
			children = (
				BFF312E8164F79EB002E567F /* audio.h */,
				BFF312EA164F79EB002E567F /* conv_string.h */,
				BFF312EB164F79EB002E567F /* FDK_audio.h */,
				BFF312EC164F79EB002E567F /* genericStds.h */,
				BFF312ED164F79EB002E567F /* machine_type.h */,
			);
			path = include;
			sourceTree = "<group>";
		};
		BFF313B5164F7C23002E567F /* src */ = {
			isa = PBXGroup;
			children = (
				BFF313B8164F7C23002E567F /* genericStds.cpp */,
			);
			path = src;
			sourceTree = "<group>";
		};
		BFF313DE164F7ECB002E567F /* ppc */ = {
			isa = PBXGroup;
			children = (
				BFF313DF164F7ECB002E567F /* clz_ppc.h */,
				BFF313E0164F7ECB002E567F /* fixmul_ppc.h */,
			);
			path = ppc;
			sourceTree = "<group>";
		};
/* End PBXGroup section */

/* Begin PBXNativeTarget section */
		8D5B49AC048680CD000E48DA /* XLDFdkAacOutput */ = {
			isa = PBXNativeTarget;
			buildConfigurationList = 1DEB913A08733D840010E9CD /* Build configuration list for PBXNativeTarget "XLDFdkAacOutput" */;
			buildPhases = (
				8D5B49AF048680CD000E48DA /* Resources */,
				8D5B49B1048680CD000E48DA /* Sources */,
				8D5B49B3048680CD000E48DA /* Frameworks */,
			);
			buildRules = (
			);
			dependencies = (
			);
			name = XLDFdkAacOutput;
			productInstallPath = "$(HOME)/Library/Bundles";
			productName = XLDFdkAacOutput;
			productReference = 8D5B49B6048680CD000E48DA /* XLDFdkAacOutput.bundle */;
			productType = "com.apple.product-type.bundle";
		};
/* End PBXNativeTarget section */

/* Begin PBXProject section */
		089C1669FE841209C02AAC07 /* Project object */ = {
			isa = PBXProject;
			buildConfigurationList = 1DEB913E08733D840010E9CD /* Build configuration list for PBXProject "XLDFdkAacOutput" */;
			compatibilityVersion = "Xcode 3.1";
			developmentRegion = English;
			hasScannedForEncodings = 1;
			knownRegions = (
				English,
				Japanese,
				French,
				German,
			);
			mainGroup = 089C166AFE841209C02AAC07 /* XLDFdkAacOutput */;
			projectDirPath = "";
			projectRoot = "";
			targets = (
				8D5B49AC048680CD000E48DA /* XLDFdkAacOutput */,
			);
		};
/* End PBXProject section */

/* Begin PBXResourcesBuildPhase section */
		8D5B49AF048680CD000E48DA /* Resources */ = {
			isa = PBXResourcesBuildPhase;
			buildActionMask = 2147483647;
			files = (
				8D5B49B0048680CD000E48DA /* InfoPlist.strings in Resources */,
				BF32E5FA15B96111005120AB /* XLDFdkAacOutput.xib in Resources */,
			);
			runOnlyForDeploymentPostprocessing = 0;
		};
/* End PBXResourcesBuildPhase section */

/* Begin PBXSourcesBuildPhase section */
		8D5B49B1048680CD000E48DA /* Sources */ = {
			isa = PBXSourcesBuildPhase;
			buildActionMask = 2147483647;
			files = (
				BF32E57B15B94DCD005120AB /* XLDFdkAacOutput.m in Sources */,
				BF32E57E15B94DD8005120AB /* XLDFdkAacOutputTask.m in Sources */,
				BF32E6F515B99FEC005120AB /* isom.c in Sources */,
				BF32E6F615B99FEC005120AB /* meta.c in Sources */,
				BF32E6F715B99FEC005120AB /* mp4a.c in Sources */,
				BF32E6F815B99FEC005120AB /* mp4sys.c in Sources */,
				BF32E6FB15B99FEC005120AB /* summary.c in Sources */,
				BF32E6FD15B99FEC005120AB /* utils.c in Sources */,
				BF32E72C15B9A0B5005120AB /* write.c in Sources */,
				BFD3788E15E008E4009FA0BD /* description.c in Sources */,
				BFD3789515E009F8009FA0BD /* dts.c in Sources */,
				BFD3789615E009F8009FA0BD /* h264.c in Sources */,
				BFD3789B15E00A07009FA0BD /* a52.c in Sources */,
				BFD378A015E00A11009FA0BD /* vc1.c in Sources */,
				BFF31337164F79EB002E567F /* aacenc.cpp in Sources */,
				BFF31338164F79EB002E567F /* aacenc_hcr.cpp in Sources */,
				BFF31339164F79EB002E567F /* aacenc_lib.cpp in Sources */,
				BFF3133A164F79EB002E567F /* aacenc_pns.cpp in Sources */,
				BFF3133B164F79EB002E567F /* aacEnc_ram.cpp in Sources */,
				BFF3133C164F79EB002E567F /* aacEnc_rom.cpp in Sources */,
				BFF3133D164F79EB002E567F /* aacenc_tns.cpp in Sources */,
				BFF3133E164F79EB002E567F /* adj_thr.cpp in Sources */,
				BFF3133F164F79EB002E567F /* band_nrg.cpp in Sources */,
				BFF31340164F79EB002E567F /* bandwidth.cpp in Sources */,
				BFF31341164F79EB002E567F /* bit_cnt.cpp in Sources */,
				BFF31342164F79EB002E567F /* bitenc.cpp in Sources */,
				BFF31343164F79EB002E567F /* block_switch.cpp in Sources */,
				BFF31344164F79EB002E567F /* channel_map.cpp in Sources */,
				BFF31345164F79EB002E567F /* chaosmeasure.cpp in Sources */,
				BFF31346164F79EB002E567F /* dyn_bits.cpp in Sources */,
				BFF31347164F79EB002E567F /* grp_data.cpp in Sources */,
				BFF31348164F79EB002E567F /* intensity.cpp in Sources */,
				BFF31349164F79EB002E567F /* line_pe.cpp in Sources */,
				BFF3134A164F79EB002E567F /* metadata_compressor.cpp in Sources */,
				BFF3134B164F79EB002E567F /* metadata_main.cpp in Sources */,
				BFF3134C164F79EB002E567F /* ms_stereo.cpp in Sources */,
				BFF3134D164F79EB002E567F /* noisedet.cpp in Sources */,
				BFF3134E164F79EB002E567F /* pnsparam.cpp in Sources */,
				BFF3134F164F79EB002E567F /* pre_echo_control.cpp in Sources */,
				BFF31350164F79EB002E567F /* psy_configuration.cpp in Sources */,
				BFF31351164F79EB002E567F /* psy_main.cpp in Sources */,
				BFF31352164F79EB002E567F /* qc_main.cpp in Sources */,
				BFF31353164F79EB002E567F /* quantize.cpp in Sources */,
				BFF31354164F79EB002E567F /* sf_estim.cpp in Sources */,
				BFF31355164F79EB002E567F /* spreading.cpp in Sources */,
				BFF31356164F79EB002E567F /* tonality.cpp in Sources */,
				BFF31357164F79EB002E567F /* transform.cpp in Sources */,
				BFF3135D164F79EB002E567F /* autocorr2nd.cpp in Sources */,
				BFF3135E164F79EB002E567F /* dct.cpp in Sources */,
				BFF3135F164F79EB002E567F /* FDK_bitbuffer.cpp in Sources */,
				BFF31360164F79EB002E567F /* FDK_core.cpp in Sources */,
				BFF31361164F79EB002E567F /* FDK_crc.cpp in Sources */,
				BFF31362164F79EB002E567F /* FDK_hybrid.cpp in Sources */,
				BFF31363164F79EB002E567F /* FDK_tools_rom.cpp in Sources */,
				BFF31364164F79EB002E567F /* FDK_trigFcts.cpp in Sources */,
				BFF31365164F79EB002E567F /* fft.cpp in Sources */,
				BFF31366164F79EB002E567F /* fft_rad2.cpp in Sources */,
				BFF31367164F79EB002E567F /* fixpoint_math.cpp in Sources */,
				BFF31368164F79EB002E567F /* mdct.cpp in Sources */,
				BFF3136C164F79EB002E567F /* qmf.cpp in Sources */,
				BFF3136D164F79EB002E567F /* scale.cpp in Sources */,
				BFF31374164F79EB002E567F /* tpenc_adif.cpp in Sources */,
				BFF31375164F79EB002E567F /* tpenc_adts.cpp in Sources */,
				BFF31376164F79EB002E567F /* tpenc_asc.cpp in Sources */,
				BFF31377164F79EB002E567F /* tpenc_latm.cpp in Sources */,
				BFF31378164F79EB002E567F /* tpenc_lib.cpp in Sources */,
				BFF3138D164F79EB002E567F /* bit_sbr.cpp in Sources */,
				BFF3138E164F79EB002E567F /* code_env.cpp in Sources */,
				BFF3138F164F79EB002E567F /* env_bit.cpp in Sources */,
				BFF31390164F79EB002E567F /* env_est.cpp in Sources */,
				BFF31391164F79EB002E567F /* fram_gen.cpp in Sources */,
				BFF31392164F79EB002E567F /* invf_est.cpp in Sources */,
				BFF31393164F79EB002E567F /* mh_det.cpp in Sources */,
				BFF31394164F79EB002E567F /* nf_est.cpp in Sources */,
				BFF31395164F79EB002E567F /* ps_bitenc.cpp in Sources */,
				BFF31396164F79EB002E567F /* ps_encode.cpp in Sources */,
				BFF31397164F79EB002E567F /* ps_main.cpp in Sources */,
				BFF31398164F79EB002E567F /* resampler.cpp in Sources */,
				BFF31399164F79EB002E567F /* sbr_encoder.cpp in Sources */,
				BFF3139A164F79EB002E567F /* sbr_misc.cpp in Sources */,
				BFF3139B164F79EB002E567F /* sbr_ram.cpp in Sources */,
				BFF3139C164F79EB002E567F /* sbr_rom.cpp in Sources */,
				BFF3139D164F79EB002E567F /* sbrenc_freq_sca.cpp in Sources */,
				BFF3139E164F79EB002E567F /* ton_corr.cpp in Sources */,
				BFF3139F164F79EB002E567F /* tran_det.cpp in Sources */,
				BFF313C4164F7C23002E567F /* genericStds.cpp in Sources */,
				BF3CE1C91674A6BE0063707B /* alac.c in Sources */,
				BF567EBA16A5636E0024A3C8 /* box.c in Sources */,
			);
			runOnlyForDeploymentPostprocessing = 0;
		};
/* End PBXSourcesBuildPhase section */

/* Begin PBXVariantGroup section */
		089C167DFE841241C02AAC07 /* InfoPlist.strings */ = {
			isa = PBXVariantGroup;
			children = (
				089C167EFE841241C02AAC07 /* English */,
			);
			name = InfoPlist.strings;
			sourceTree = "<group>";
		};
		BF32E5F915B96111005120AB /* XLDFdkAacOutput.xib */ = {
			isa = PBXVariantGroup;
			children = (
				BF32E5F715B9610A005120AB /* English */,
			);
			name = XLDFdkAacOutput.xib;
			sourceTree = "<group>";
		};
/* End PBXVariantGroup section */

/* Begin XCBuildConfiguration section */
		1DEB913B08733D840010E9CD /* Debug */ = {
			isa = XCBuildConfiguration;
			buildSettings = {
				ALWAYS_SEARCH_USER_PATHS = NO;
				COPY_PHASE_STRIP = NO;
				GCC_DYNAMIC_NO_PIC = NO;
				GCC_ENABLE_FIX_AND_CONTINUE = YES;
				GCC_OPTIMIZATION_LEVEL = 0;
				GCC_PRECOMPILE_PREFIX_HEADER = YES;
				GCC_PREFIX_HEADER = XLDFdkAacOutput_Prefix.pch;
				INFOPLIST_FILE = Info.plist;
				INSTALL_PATH = "$(HOME)/Library/Bundles";
				LIBRARY_SEARCH_PATHS = (
					"$(inherited)",
					"\"$(SRCROOT)/fdk-aac/libMpegTPEnc/src\"",
				);
				PRODUCT_NAME = XLDFdkAacOutput;
				WRAPPER_EXTENSION = bundle;
			};
			name = Debug;
		};
		1DEB913C08733D840010E9CD /* Release */ = {
			isa = XCBuildConfiguration;
			buildSettings = {
				ALWAYS_SEARCH_USER_PATHS = NO;
				DEBUG_INFORMATION_FORMAT = "dwarf-with-dsym";
				GCC_PRECOMPILE_PREFIX_HEADER = YES;
				GCC_PREFIX_HEADER = XLDFdkAacOutput_Prefix.pch;
				INFOPLIST_FILE = Info.plist;
				INSTALL_PATH = "$(HOME)/Library/Bundles";
				LIBRARY_SEARCH_PATHS = (
					"$(inherited)",
					"\"$(SRCROOT)/fdk-aac/libMpegTPEnc/src\"",
				);
				PRODUCT_NAME = XLDFdkAacOutput;
				WRAPPER_EXTENSION = bundle;
			};
			name = Release;
		};
		1DEB913F08733D840010E9CD /* Debug */ = {
			isa = XCBuildConfiguration;
			buildSettings = {
				ARCHS = (
					i386,
					ppc,
				);
				GCC_C_LANGUAGE_STANDARD = gnu99;
				GCC_OPTIMIZATION_LEVEL = 0;
				GCC_WARN_ABOUT_RETURN_TYPE = YES;
				GCC_WARN_UNUSED_VARIABLE = YES;
				ONLY_ACTIVE_ARCH = YES;
				PREBINDING = NO;
			};
			name = Debug;
		};
		1DEB914008733D840010E9CD /* Release */ = {
			isa = XCBuildConfiguration;
			buildSettings = {
				ARCHS = (
					i386,
					ppc,
				);
				GCC_C_LANGUAGE_STANDARD = gnu99;
				GCC_WARN_ABOUT_RETURN_TYPE = YES;
				GCC_WARN_UNUSED_VARIABLE = YES;
				PREBINDING = NO;
			};
			name = Release;
		};
/* End XCBuildConfiguration section */

/* Begin XCConfigurationList section */
		1DEB913A08733D840010E9CD /* Build configuration list for PBXNativeTarget "XLDFdkAacOutput" */ = {
			isa = XCConfigurationList;
			buildConfigurations = (
				1DEB913B08733D840010E9CD /* Debug */,
				1DEB913C08733D840010E9CD /* Release */,
			);
			defaultConfigurationIsVisible = 0;
			defaultConfigurationName = Release;
		};
		1DEB913E08733D840010E9CD /* Build configuration list for PBXProject "XLDFdkAacOutput" */ = {
			isa = XCConfigurationList;
			buildConfigurations = (
				1DEB913F08733D840010E9CD /* Debug */,
				1DEB914008733D840010E9CD /* Release */,
			);
			defaultConfigurationIsVisible = 0;
			defaultConfigurationName = Release;
		};
/* End XCConfigurationList section */
	};
	rootObject = 089C1669FE841209C02AAC07 /* Project object */;
}
